// !$*UTF8*$!
{
	archiveVersion = 1;
	classes = {
	};
	objectVersion = 56;
	objects = {

/* Begin PBXBuildFile section */
		AC2E4D0B2BB1EA4300FF042A /* TrackerCoreData.xcdatamodeld in Sources */ = {isa = PBXBuildFile; fileRef = AC2E4D092BB1EA4300FF042A /* TrackerCoreData.xcdatamodeld */; };
		AC2E4D212BB6CB0300FF042A /* TrackerStore.swift in Sources */ = {isa = PBXBuildFile; fileRef = AC2E4D202BB6CB0300FF042A /* TrackerStore.swift */; };
		AC2E4D262BBAC78B00FF042A /* TrackerCategoryStore.swift in Sources */ = {isa = PBXBuildFile; fileRef = AC2E4D252BBAC78B00FF042A /* TrackerCategoryStore.swift */; };
		AC2E4D282BBD721700FF042A /* TrackerRecordStore.swift in Sources */ = {isa = PBXBuildFile; fileRef = AC2E4D272BBD721700FF042A /* TrackerRecordStore.swift */; };
		AC2E4D2D2BC3E44300FF042A /* CategoryViewController.swift in Sources */ = {isa = PBXBuildFile; fileRef = AC2E4D2C2BC3E44300FF042A /* CategoryViewController.swift */; };
		AC2E4D2F2BC3E8FC00FF042A /* CategoryCell.swift in Sources */ = {isa = PBXBuildFile; fileRef = AC2E4D2E2BC3E8FC00FF042A /* CategoryCell.swift */; };
		AC2E4D322BC3FC5300FF042A /* UIColorMarshalling.swift in Sources */ = {isa = PBXBuildFile; fileRef = AC2E4D312BC3FC5300FF042A /* UIColorMarshalling.swift */; };
		AC2E4D342BC3FDFA00FF042A /* ScheduleConvertor.swift in Sources */ = {isa = PBXBuildFile; fileRef = AC2E4D332BC3FDFA00FF042A /* ScheduleConvertor.swift */; };
		AC2E4D372BC4007200FF042A /* TrackerRecordStoreError.swift in Sources */ = {isa = PBXBuildFile; fileRef = AC2E4D362BC4007200FF042A /* TrackerRecordStoreError.swift */; };
		AC2E4D392BC400BD00FF042A /* CategoryStoreError.swift in Sources */ = {isa = PBXBuildFile; fileRef = AC2E4D382BC400BD00FF042A /* CategoryStoreError.swift */; };
		AC2E4D3B2BC4011E00FF042A /* TrackerStoreError.swift in Sources */ = {isa = PBXBuildFile; fileRef = AC2E4D3A2BC4011E00FF042A /* TrackerStoreError.swift */; };
		ACFA92DC2BA21691006344BA /* AppDelegate.swift in Sources */ = {isa = PBXBuildFile; fileRef = ACFA92DB2BA21691006344BA /* AppDelegate.swift */; };
		ACFA92DE2BA21691006344BA /* SceneDelegate.swift in Sources */ = {isa = PBXBuildFile; fileRef = ACFA92DD2BA21691006344BA /* SceneDelegate.swift */; };
		ACFA92E02BA21691006344BA /* TrackerViewController.swift in Sources */ = {isa = PBXBuildFile; fileRef = ACFA92DF2BA21691006344BA /* TrackerViewController.swift */; };
		ACFA92E52BA21694006344BA /* Assets.xcassets in Resources */ = {isa = PBXBuildFile; fileRef = ACFA92E42BA21694006344BA /* Assets.xcassets */; };
		ACFA92E82BA21694006344BA /* LaunchScreen.storyboard in Resources */ = {isa = PBXBuildFile; fileRef = ACFA92E62BA21694006344BA /* LaunchScreen.storyboard */; };
		ACFA93132BA4948E006344BA /* HeaderCollectionReusableView.swift in Sources */ = {isa = PBXBuildFile; fileRef = ACFA93122BA4948E006344BA /* HeaderCollectionReusableView.swift */; };
		ACFA93162BA49FC5006344BA /* Tracker.swift in Sources */ = {isa = PBXBuildFile; fileRef = ACFA93152BA49FC5006344BA /* Tracker.swift */; };
		ACFA93182BA4A027006344BA /* TrackerCategory.swift in Sources */ = {isa = PBXBuildFile; fileRef = ACFA93172BA4A027006344BA /* TrackerCategory.swift */; };
		ACFA931A2BA4A060006344BA /* TrackerRecord.swift in Sources */ = {isa = PBXBuildFile; fileRef = ACFA93192BA4A060006344BA /* TrackerRecord.swift */; };
		ACFA931C2BA4A092006344BA /* WeekDays.swift in Sources */ = {isa = PBXBuildFile; fileRef = ACFA931B2BA4A092006344BA /* WeekDays.swift */; };
		ACFA931E2BA4A232006344BA /* TrackerInfoCell.swift in Sources */ = {isa = PBXBuildFile; fileRef = ACFA931D2BA4A232006344BA /* TrackerInfoCell.swift */; };
		ACFA93212BA4A2B8006344BA /* UIColor+Extensions.swift in Sources */ = {isa = PBXBuildFile; fileRef = ACFA93202BA4A2B8006344BA /* UIColor+Extensions.swift */; };
		ACFA93232BA4A4B9006344BA /* UiTextField+Extension.swift in Sources */ = {isa = PBXBuildFile; fileRef = ACFA93222BA4A4B9006344BA /* UiTextField+Extension.swift */; };
		ACFA93252BA4A5A4006344BA /* TrackerCounterDelegate.swift in Sources */ = {isa = PBXBuildFile; fileRef = ACFA93242BA4A5A4006344BA /* TrackerCounterDelegate.swift */; };
		ACFA93272BA59322006344BA /* TrackerCollectionViewCell.swift in Sources */ = {isa = PBXBuildFile; fileRef = ACFA93262BA59322006344BA /* TrackerCollectionViewCell.swift */; };
		ACFA93292BA59585006344BA /* TabBarController.swift in Sources */ = {isa = PBXBuildFile; fileRef = ACFA93282BA59585006344BA /* TabBarController.swift */; };
		ACFA932B2BA5978A006344BA /* StatisticsViewController.swift in Sources */ = {isa = PBXBuildFile; fileRef = ACFA932A2BA5978A006344BA /* StatisticsViewController.swift */; };
		ACFA932E2BA6EA36006344BA /* PlaceHolderView.swift in Sources */ = {isa = PBXBuildFile; fileRef = ACFA932D2BA6EA36006344BA /* PlaceHolderView.swift */; };
		ACFA93312BA6EC9A006344BA /* ScheduleViewController.swift in Sources */ = {isa = PBXBuildFile; fileRef = ACFA93302BA6EC9A006344BA /* ScheduleViewController.swift */; };
		ACFA93332BA6F297006344BA /* ScheduleTableCell.swift in Sources */ = {isa = PBXBuildFile; fileRef = ACFA93322BA6F297006344BA /* ScheduleTableCell.swift */; };
		ACFA93352BA6F3CA006344BA /* ScheduleProtocol.swift in Sources */ = {isa = PBXBuildFile; fileRef = ACFA93342BA6F3CA006344BA /* ScheduleProtocol.swift */; };
		ACFA93372BA6F525006344BA /* NewTrackerViewController.swift in Sources */ = {isa = PBXBuildFile; fileRef = ACFA93362BA6F525006344BA /* NewTrackerViewController.swift */; };
		ACFA93392BA6F675006344BA /* NewEventCreationViewController.swift in Sources */ = {isa = PBXBuildFile; fileRef = ACFA93382BA6F675006344BA /* NewEventCreationViewController.swift */; };
		ACFA933B2BA6F944006344BA /* NewHabbitCreationViewController.swift in Sources */ = {isa = PBXBuildFile; fileRef = ACFA933A2BA6F944006344BA /* NewHabbitCreationViewController.swift */; };
		ACFA933D2BA6F9C8006344BA /* CreationTrackerViewController.swift in Sources */ = {isa = PBXBuildFile; fileRef = ACFA933C2BA6F9C8006344BA /* CreationTrackerViewController.swift */; };
		ACFA933F2BA834DB006344BA /* ConfigureUIForTrackerCreationProtocol.swift in Sources */ = {isa = PBXBuildFile; fileRef = ACFA933E2BA834DB006344BA /* ConfigureUIForTrackerCreationProtocol.swift */; };
		ACFA93412BA83564006344BA /* TrackerCreationDelegate.swift in Sources */ = {isa = PBXBuildFile; fileRef = ACFA93402BA83564006344BA /* TrackerCreationDelegate.swift */; };
		ACFA93442BA835B5006344BA /* NameTrackerCell.swift in Sources */ = {isa = PBXBuildFile; fileRef = ACFA93432BA835B5006344BA /* NameTrackerCell.swift */; };
		ACFA93462BA83818006344BA /* ButtonsCell.swift in Sources */ = {isa = PBXBuildFile; fileRef = ACFA93452BA83818006344BA /* ButtonsCell.swift */; };
		ACFA93482BA83850006344BA /* ButtonTableViewCell.swift in Sources */ = {isa = PBXBuildFile; fileRef = ACFA93472BA83850006344BA /* ButtonTableViewCell.swift */; };
		ACFA934A2BA83949006344BA /* EmojiCell.swift in Sources */ = {isa = PBXBuildFile; fileRef = ACFA93492BA83949006344BA /* EmojiCell.swift */; };
		ACFA934C2BA839DE006344BA /* ColorCell.swift in Sources */ = {isa = PBXBuildFile; fileRef = ACFA934B2BA839DE006344BA /* ColorCell.swift */; };
/* End PBXBuildFile section */

/* Begin PBXFileReference section */
		AC2E4D0A2BB1EA4300FF042A /* TrackerCoreData.xcdatamodel */ = {isa = PBXFileReference; lastKnownFileType = wrapper.xcdatamodel; path = TrackerCoreData.xcdatamodel; sourceTree = "<group>"; };
		AC2E4D202BB6CB0300FF042A /* TrackerStore.swift */ = {isa = PBXFileReference; lastKnownFileType = sourcecode.swift; path = TrackerStore.swift; sourceTree = "<group>"; };
		AC2E4D252BBAC78B00FF042A /* TrackerCategoryStore.swift */ = {isa = PBXFileReference; lastKnownFileType = sourcecode.swift; path = TrackerCategoryStore.swift; sourceTree = "<group>"; };
		AC2E4D272BBD721700FF042A /* TrackerRecordStore.swift */ = {isa = PBXFileReference; lastKnownFileType = sourcecode.swift; path = TrackerRecordStore.swift; sourceTree = "<group>"; };
		AC2E4D2C2BC3E44300FF042A /* CategoryViewController.swift */ = {isa = PBXFileReference; lastKnownFileType = sourcecode.swift; path = CategoryViewController.swift; sourceTree = "<group>"; };
		AC2E4D2E2BC3E8FC00FF042A /* CategoryCell.swift */ = {isa = PBXFileReference; lastKnownFileType = sourcecode.swift; path = CategoryCell.swift; sourceTree = "<group>"; };
		AC2E4D312BC3FC5300FF042A /* UIColorMarshalling.swift */ = {isa = PBXFileReference; lastKnownFileType = sourcecode.swift; path = UIColorMarshalling.swift; sourceTree = "<group>"; };
		AC2E4D332BC3FDFA00FF042A /* ScheduleConvertor.swift */ = {isa = PBXFileReference; lastKnownFileType = sourcecode.swift; path = ScheduleConvertor.swift; sourceTree = "<group>"; };
		AC2E4D362BC4007200FF042A /* TrackerRecordStoreError.swift */ = {isa = PBXFileReference; lastKnownFileType = sourcecode.swift; path = TrackerRecordStoreError.swift; sourceTree = "<group>"; };
		AC2E4D382BC400BD00FF042A /* CategoryStoreError.swift */ = {isa = PBXFileReference; lastKnownFileType = sourcecode.swift; path = CategoryStoreError.swift; sourceTree = "<group>"; };
		AC2E4D3A2BC4011E00FF042A /* TrackerStoreError.swift */ = {isa = PBXFileReference; lastKnownFileType = sourcecode.swift; path = TrackerStoreError.swift; sourceTree = "<group>"; };
		ACFA92D82BA21691006344BA /* Tracker.app */ = {isa = PBXFileReference; explicitFileType = wrapper.application; includeInIndex = 0; path = Tracker.app; sourceTree = BUILT_PRODUCTS_DIR; };
		ACFA92DB2BA21691006344BA /* AppDelegate.swift */ = {isa = PBXFileReference; lastKnownFileType = sourcecode.swift; path = AppDelegate.swift; sourceTree = "<group>"; };
		ACFA92DD2BA21691006344BA /* SceneDelegate.swift */ = {isa = PBXFileReference; lastKnownFileType = sourcecode.swift; path = SceneDelegate.swift; sourceTree = "<group>"; };
		ACFA92DF2BA21691006344BA /* TrackerViewController.swift */ = {isa = PBXFileReference; lastKnownFileType = sourcecode.swift; path = TrackerViewController.swift; sourceTree = "<group>"; };
		ACFA92E42BA21694006344BA /* Assets.xcassets */ = {isa = PBXFileReference; lastKnownFileType = folder.assetcatalog; path = Assets.xcassets; sourceTree = "<group>"; };
		ACFA92E72BA21694006344BA /* Base */ = {isa = PBXFileReference; lastKnownFileType = file.storyboard; name = Base; path = Base.lproj/LaunchScreen.storyboard; sourceTree = "<group>"; };
		ACFA92E92BA21694006344BA /* Info.plist */ = {isa = PBXFileReference; lastKnownFileType = text.plist.xml; path = Info.plist; sourceTree = "<group>"; };
		ACFA93122BA4948E006344BA /* HeaderCollectionReusableView.swift */ = {isa = PBXFileReference; lastKnownFileType = sourcecode.swift; path = HeaderCollectionReusableView.swift; sourceTree = "<group>"; };
		ACFA93152BA49FC5006344BA /* Tracker.swift */ = {isa = PBXFileReference; lastKnownFileType = sourcecode.swift; path = Tracker.swift; sourceTree = "<group>"; };
		ACFA93172BA4A027006344BA /* TrackerCategory.swift */ = {isa = PBXFileReference; lastKnownFileType = sourcecode.swift; path = TrackerCategory.swift; sourceTree = "<group>"; };
		ACFA93192BA4A060006344BA /* TrackerRecord.swift */ = {isa = PBXFileReference; lastKnownFileType = sourcecode.swift; path = TrackerRecord.swift; sourceTree = "<group>"; };
		ACFA931B2BA4A092006344BA /* WeekDays.swift */ = {isa = PBXFileReference; lastKnownFileType = sourcecode.swift; path = WeekDays.swift; sourceTree = "<group>"; };
		ACFA931D2BA4A232006344BA /* TrackerInfoCell.swift */ = {isa = PBXFileReference; lastKnownFileType = sourcecode.swift; path = TrackerInfoCell.swift; sourceTree = "<group>"; };
		ACFA93202BA4A2B8006344BA /* UIColor+Extensions.swift */ = {isa = PBXFileReference; lastKnownFileType = sourcecode.swift; path = "UIColor+Extensions.swift"; sourceTree = "<group>"; };
		ACFA93222BA4A4B9006344BA /* UiTextField+Extension.swift */ = {isa = PBXFileReference; lastKnownFileType = sourcecode.swift; path = "UiTextField+Extension.swift"; sourceTree = "<group>"; };
		ACFA93242BA4A5A4006344BA /* TrackerCounterDelegate.swift */ = {isa = PBXFileReference; lastKnownFileType = sourcecode.swift; path = TrackerCounterDelegate.swift; sourceTree = "<group>"; };
		ACFA93262BA59322006344BA /* TrackerCollectionViewCell.swift */ = {isa = PBXFileReference; lastKnownFileType = sourcecode.swift; path = TrackerCollectionViewCell.swift; sourceTree = "<group>"; };
		ACFA93282BA59585006344BA /* TabBarController.swift */ = {isa = PBXFileReference; lastKnownFileType = sourcecode.swift; path = TabBarController.swift; sourceTree = "<group>"; };
		ACFA932A2BA5978A006344BA /* StatisticsViewController.swift */ = {isa = PBXFileReference; lastKnownFileType = sourcecode.swift; path = StatisticsViewController.swift; sourceTree = "<group>"; };
		ACFA932D2BA6EA36006344BA /* PlaceHolderView.swift */ = {isa = PBXFileReference; lastKnownFileType = sourcecode.swift; path = PlaceHolderView.swift; sourceTree = "<group>"; };
		ACFA93302BA6EC9A006344BA /* ScheduleViewController.swift */ = {isa = PBXFileReference; lastKnownFileType = sourcecode.swift; path = ScheduleViewController.swift; sourceTree = "<group>"; };
		ACFA93322BA6F297006344BA /* ScheduleTableCell.swift */ = {isa = PBXFileReference; lastKnownFileType = sourcecode.swift; path = ScheduleTableCell.swift; sourceTree = "<group>"; };
		ACFA93342BA6F3CA006344BA /* ScheduleProtocol.swift */ = {isa = PBXFileReference; lastKnownFileType = sourcecode.swift; path = ScheduleProtocol.swift; sourceTree = "<group>"; };
		ACFA93362BA6F525006344BA /* NewTrackerViewController.swift */ = {isa = PBXFileReference; lastKnownFileType = sourcecode.swift; path = NewTrackerViewController.swift; sourceTree = "<group>"; };
		ACFA93382BA6F675006344BA /* NewEventCreationViewController.swift */ = {isa = PBXFileReference; lastKnownFileType = sourcecode.swift; path = NewEventCreationViewController.swift; sourceTree = "<group>"; };
		ACFA933A2BA6F944006344BA /* NewHabbitCreationViewController.swift */ = {isa = PBXFileReference; lastKnownFileType = sourcecode.swift; path = NewHabbitCreationViewController.swift; sourceTree = "<group>"; };
		ACFA933C2BA6F9C8006344BA /* CreationTrackerViewController.swift */ = {isa = PBXFileReference; lastKnownFileType = sourcecode.swift; path = CreationTrackerViewController.swift; sourceTree = "<group>"; };
		ACFA933E2BA834DB006344BA /* ConfigureUIForTrackerCreationProtocol.swift */ = {isa = PBXFileReference; lastKnownFileType = sourcecode.swift; path = ConfigureUIForTrackerCreationProtocol.swift; sourceTree = "<group>"; };
		ACFA93402BA83564006344BA /* TrackerCreationDelegate.swift */ = {isa = PBXFileReference; lastKnownFileType = sourcecode.swift; path = TrackerCreationDelegate.swift; sourceTree = "<group>"; };
		ACFA93432BA835B5006344BA /* NameTrackerCell.swift */ = {isa = PBXFileReference; lastKnownFileType = sourcecode.swift; path = NameTrackerCell.swift; sourceTree = "<group>"; };
		ACFA93452BA83818006344BA /* ButtonsCell.swift */ = {isa = PBXFileReference; lastKnownFileType = sourcecode.swift; path = ButtonsCell.swift; sourceTree = "<group>"; };
		ACFA93472BA83850006344BA /* ButtonTableViewCell.swift */ = {isa = PBXFileReference; lastKnownFileType = sourcecode.swift; path = ButtonTableViewCell.swift; sourceTree = "<group>"; };
		ACFA93492BA83949006344BA /* EmojiCell.swift */ = {isa = PBXFileReference; lastKnownFileType = sourcecode.swift; path = EmojiCell.swift; sourceTree = "<group>"; };
		ACFA934B2BA839DE006344BA /* ColorCell.swift */ = {isa = PBXFileReference; lastKnownFileType = sourcecode.swift; path = ColorCell.swift; sourceTree = "<group>"; };
/* End PBXFileReference section */

/* Begin PBXFrameworksBuildPhase section */
		ACFA92D52BA21691006344BA /* Frameworks */ = {
			isa = PBXFrameworksBuildPhase;
			buildActionMask = 2147483647;
			files = (
			);
			runOnlyForDeploymentPostprocessing = 0;
		};
/* End PBXFrameworksBuildPhase section */

/* Begin PBXGroup section */
		AC2E4D0F2BB5957300FF042A /* CoreData */ = {
			isa = PBXGroup;
			children = (
				AC2E4D352BC4005B00FF042A /* StoreError */,
				AC2E4D302BC3FC3B00FF042A /* Converters */,
				AC2E4D092BB1EA4300FF042A /* TrackerCoreData.xcdatamodeld */,
				AC2E4D202BB6CB0300FF042A /* TrackerStore.swift */,
				AC2E4D252BBAC78B00FF042A /* TrackerCategoryStore.swift */,
				AC2E4D272BBD721700FF042A /* TrackerRecordStore.swift */,
			);
			path = CoreData;
			sourceTree = "<group>";
		};
		AC2E4D2B2BC3E42600FF042A /* Category */ = {
			isa = PBXGroup;
			children = (
				AC2E4D2C2BC3E44300FF042A /* CategoryViewController.swift */,
				AC2E4D2E2BC3E8FC00FF042A /* CategoryCell.swift */,
			);
			path = Category;
			sourceTree = "<group>";
		};
		AC2E4D302BC3FC3B00FF042A /* Converters */ = {
			isa = PBXGroup;
			children = (
				AC2E4D312BC3FC5300FF042A /* UIColorMarshalling.swift */,
				AC2E4D332BC3FDFA00FF042A /* ScheduleConvertor.swift */,
			);
			path = Converters;
			sourceTree = "<group>";
		};
		AC2E4D352BC4005B00FF042A /* StoreError */ = {
			isa = PBXGroup;
			children = (
				AC2E4D362BC4007200FF042A /* TrackerRecordStoreError.swift */,
				AC2E4D382BC400BD00FF042A /* CategoryStoreError.swift */,
				AC2E4D3A2BC4011E00FF042A /* TrackerStoreError.swift */,
			);
			path = StoreError;
			sourceTree = "<group>";
		};
		ACFA92CF2BA21691006344BA = {
			isa = PBXGroup;
			children = (
				ACFA92DA2BA21691006344BA /* Tracker */,
				ACFA92D92BA21691006344BA /* Products */,
			);
			sourceTree = "<group>";
		};
		ACFA92D92BA21691006344BA /* Products */ = {
			isa = PBXGroup;
			children = (
				ACFA92D82BA21691006344BA /* Tracker.app */,
			);
			name = Products;
			sourceTree = "<group>";
		};
		ACFA92DA2BA21691006344BA /* Tracker */ = {
			isa = PBXGroup;
			children = (
				AC2E4D2B2BC3E42600FF042A /* Category */,
				AC2E4D0F2BB5957300FF042A /* CoreData */,
				ACFA932F2BA6EC80006344BA /* Schedule */,
				ACFA932C2BA6EA14006344BA /* TrackerCreation */,
				ACFA931F2BA4A29C006344BA /* Helpers */,
				ACFA93142BA49FB6006344BA /* Models */,
				ACFA93112BA49142006344BA /* TrackerViewController */,
				ACFA92DB2BA21691006344BA /* AppDelegate.swift */,
				ACFA92DD2BA21691006344BA /* SceneDelegate.swift */,
				ACFA92E42BA21694006344BA /* Assets.xcassets */,
				ACFA92E62BA21694006344BA /* LaunchScreen.storyboard */,
				ACFA92E92BA21694006344BA /* Info.plist */,
				ACFA93282BA59585006344BA /* TabBarController.swift */,
				ACFA932A2BA5978A006344BA /* StatisticsViewController.swift */,
				ACFA932D2BA6EA36006344BA /* PlaceHolderView.swift */,
			);
			path = Tracker;
			sourceTree = "<group>";
		};
		ACFA93112BA49142006344BA /* TrackerViewController */ = {
			isa = PBXGroup;
			children = (
				ACFA92DF2BA21691006344BA /* TrackerViewController.swift */,
				ACFA93122BA4948E006344BA /* HeaderCollectionReusableView.swift */,
				ACFA93242BA4A5A4006344BA /* TrackerCounterDelegate.swift */,
				ACFA93262BA59322006344BA /* TrackerCollectionViewCell.swift */,
			);
			path = TrackerViewController;
			sourceTree = "<group>";
		};
		ACFA93142BA49FB6006344BA /* Models */ = {
			isa = PBXGroup;
			children = (
				ACFA93152BA49FC5006344BA /* Tracker.swift */,
				ACFA93172BA4A027006344BA /* TrackerCategory.swift */,
				ACFA93192BA4A060006344BA /* TrackerRecord.swift */,
				ACFA931B2BA4A092006344BA /* WeekDays.swift */,
				ACFA931D2BA4A232006344BA /* TrackerInfoCell.swift */,
			);
			path = Models;
			sourceTree = "<group>";
		};
		ACFA931F2BA4A29C006344BA /* Helpers */ = {
			isa = PBXGroup;
			children = (
				ACFA93202BA4A2B8006344BA /* UIColor+Extensions.swift */,
				ACFA93222BA4A4B9006344BA /* UiTextField+Extension.swift */,
			);
			path = Helpers;
			sourceTree = "<group>";
		};
		ACFA932C2BA6EA14006344BA /* TrackerCreation */ = {
			isa = PBXGroup;
			children = (
				ACFA93422BA835A2006344BA /* Cells */,
				ACFA93362BA6F525006344BA /* NewTrackerViewController.swift */,
				ACFA93382BA6F675006344BA /* NewEventCreationViewController.swift */,
				ACFA933A2BA6F944006344BA /* NewHabbitCreationViewController.swift */,
				ACFA933C2BA6F9C8006344BA /* CreationTrackerViewController.swift */,
				ACFA933E2BA834DB006344BA /* ConfigureUIForTrackerCreationProtocol.swift */,
				ACFA93402BA83564006344BA /* TrackerCreationDelegate.swift */,
			);
			path = TrackerCreation;
			sourceTree = "<group>";
		};
		ACFA932F2BA6EC80006344BA /* Schedule */ = {
			isa = PBXGroup;
			children = (
				ACFA93302BA6EC9A006344BA /* ScheduleViewController.swift */,
				ACFA93322BA6F297006344BA /* ScheduleTableCell.swift */,
				ACFA93342BA6F3CA006344BA /* ScheduleProtocol.swift */,
			);
			path = Schedule;
			sourceTree = "<group>";
		};
		ACFA93422BA835A2006344BA /* Cells */ = {
			isa = PBXGroup;
			children = (
				ACFA93432BA835B5006344BA /* NameTrackerCell.swift */,
				ACFA93452BA83818006344BA /* ButtonsCell.swift */,
				ACFA93472BA83850006344BA /* ButtonTableViewCell.swift */,
				ACFA93492BA83949006344BA /* EmojiCell.swift */,
				ACFA934B2BA839DE006344BA /* ColorCell.swift */,
			);
			path = Cells;
			sourceTree = "<group>";
		};
/* End PBXGroup section */

/* Begin PBXNativeTarget section */
		ACFA92D72BA21691006344BA /* Tracker */ = {
			isa = PBXNativeTarget;
			buildConfigurationList = ACFA92EC2BA21694006344BA /* Build configuration list for PBXNativeTarget "Tracker" */;
			buildPhases = (
				ACFA92D42BA21691006344BA /* Sources */,
				ACFA92D52BA21691006344BA /* Frameworks */,
				ACFA92D62BA21691006344BA /* Resources */,
			);
			buildRules = (
			);
			dependencies = (
			);
			name = Tracker;
			productName = Tracker;
			productReference = ACFA92D82BA21691006344BA /* Tracker.app */;
			productType = "com.apple.product-type.application";
		};
/* End PBXNativeTarget section */

/* Begin PBXProject section */
		ACFA92D02BA21691006344BA /* Project object */ = {
			isa = PBXProject;
			attributes = {
				BuildIndependentTargetsInParallel = 1;
				LastSwiftUpdateCheck = 1430;
				LastUpgradeCheck = 1430;
				TargetAttributes = {
					ACFA92D72BA21691006344BA = {
						CreatedOnToolsVersion = 14.3.1;
					};
				};
			};
			buildConfigurationList = ACFA92D32BA21691006344BA /* Build configuration list for PBXProject "Tracker" */;
			compatibilityVersion = "Xcode 14.0";
			developmentRegion = en;
			hasScannedForEncodings = 0;
			knownRegions = (
				en,
				Base,
			);
			mainGroup = ACFA92CF2BA21691006344BA;
			productRefGroup = ACFA92D92BA21691006344BA /* Products */;
			projectDirPath = "";
			projectRoot = "";
			targets = (
				ACFA92D72BA21691006344BA /* Tracker */,
			);
		};
/* End PBXProject section */

/* Begin PBXResourcesBuildPhase section */
		ACFA92D62BA21691006344BA /* Resources */ = {
			isa = PBXResourcesBuildPhase;
			buildActionMask = 2147483647;
			files = (
				ACFA92E82BA21694006344BA /* LaunchScreen.storyboard in Resources */,
				ACFA92E52BA21694006344BA /* Assets.xcassets in Resources */,
			);
			runOnlyForDeploymentPostprocessing = 0;
		};
/* End PBXResourcesBuildPhase section */

/* Begin PBXSourcesBuildPhase section */
		ACFA92D42BA21691006344BA /* Sources */ = {
			isa = PBXSourcesBuildPhase;
			buildActionMask = 2147483647;
			files = (
				AC2E4D392BC400BD00FF042A /* CategoryStoreError.swift in Sources */,
				ACFA93182BA4A027006344BA /* TrackerCategory.swift in Sources */,
				AC2E4D342BC3FDFA00FF042A /* ScheduleConvertor.swift in Sources */,
				AC2E4D2F2BC3E8FC00FF042A /* CategoryCell.swift in Sources */,
				AC2E4D3B2BC4011E00FF042A /* TrackerStoreError.swift in Sources */,
				AC2E4D0B2BB1EA4300FF042A /* TrackerCoreData.xcdatamodeld in Sources */,
				ACFA93442BA835B5006344BA /* NameTrackerCell.swift in Sources */,
				ACFA93212BA4A2B8006344BA /* UIColor+Extensions.swift in Sources */,
				ACFA93312BA6EC9A006344BA /* ScheduleViewController.swift in Sources */,
				ACFA93132BA4948E006344BA /* HeaderCollectionReusableView.swift in Sources */,
				AC2E4D262BBAC78B00FF042A /* TrackerCategoryStore.swift in Sources */,
				ACFA92E02BA21691006344BA /* TrackerViewController.swift in Sources */,
				ACFA931A2BA4A060006344BA /* TrackerRecord.swift in Sources */,
				ACFA93232BA4A4B9006344BA /* UiTextField+Extension.swift in Sources */,
				ACFA93392BA6F675006344BA /* NewEventCreationViewController.swift in Sources */,
				ACFA932B2BA5978A006344BA /* StatisticsViewController.swift in Sources */,
				ACFA93352BA6F3CA006344BA /* ScheduleProtocol.swift in Sources */,
				ACFA93162BA49FC5006344BA /* Tracker.swift in Sources */,
				ACFA92DC2BA21691006344BA /* AppDelegate.swift in Sources */,
				ACFA931E2BA4A232006344BA /* TrackerInfoCell.swift in Sources */,
				ACFA931C2BA4A092006344BA /* WeekDays.swift in Sources */,
				AC2E4D212BB6CB0300FF042A /* TrackerStore.swift in Sources */,
				ACFA933D2BA6F9C8006344BA /* CreationTrackerViewController.swift in Sources */,
				ACFA93372BA6F525006344BA /* NewTrackerViewController.swift in Sources */,
				ACFA933F2BA834DB006344BA /* ConfigureUIForTrackerCreationProtocol.swift in Sources */,
				ACFA93252BA4A5A4006344BA /* TrackerCounterDelegate.swift in Sources */,
				AC2E4D372BC4007200FF042A /* TrackerRecordStoreError.swift in Sources */,
				ACFA93482BA83850006344BA /* ButtonTableViewCell.swift in Sources */,
				ACFA93292BA59585006344BA /* TabBarController.swift in Sources */,
				ACFA93462BA83818006344BA /* ButtonsCell.swift in Sources */,
				ACFA93412BA83564006344BA /* TrackerCreationDelegate.swift in Sources */,
				ACFA934C2BA839DE006344BA /* ColorCell.swift in Sources */,
				ACFA93272BA59322006344BA /* TrackerCollectionViewCell.swift in Sources */,
				ACFA932E2BA6EA36006344BA /* PlaceHolderView.swift in Sources */,
				AC2E4D282BBD721700FF042A /* TrackerRecordStore.swift in Sources */,
				AC2E4D322BC3FC5300FF042A /* UIColorMarshalling.swift in Sources */,
				ACFA934A2BA83949006344BA /* EmojiCell.swift in Sources */,
				AC2E4D2D2BC3E44300FF042A /* CategoryViewController.swift in Sources */,
				ACFA92DE2BA21691006344BA /* SceneDelegate.swift in Sources */,
				ACFA933B2BA6F944006344BA /* NewHabbitCreationViewController.swift in Sources */,
				ACFA93332BA6F297006344BA /* ScheduleTableCell.swift in Sources */,
			);
			runOnlyForDeploymentPostprocessing = 0;
		};
/* End PBXSourcesBuildPhase section */

/* Begin PBXVariantGroup section */
		ACFA92E62BA21694006344BA /* LaunchScreen.storyboard */ = {
			isa = PBXVariantGroup;
			children = (
				ACFA92E72BA21694006344BA /* Base */,
			);
			name = LaunchScreen.storyboard;
			sourceTree = "<group>";
		};
/* End PBXVariantGroup section */

/* Begin XCBuildConfiguration section */
		ACFA92EA2BA21694006344BA /* Debug */ = {
			isa = XCBuildConfiguration;
			buildSettings = {
				ALWAYS_SEARCH_USER_PATHS = NO;
				CLANG_ANALYZER_NONNULL = YES;
				CLANG_ANALYZER_NUMBER_OBJECT_CONVERSION = YES_AGGRESSIVE;
				CLANG_CXX_LANGUAGE_STANDARD = "gnu++20";
				CLANG_ENABLE_MODULES = YES;
				CLANG_ENABLE_OBJC_ARC = YES;
				CLANG_ENABLE_OBJC_WEAK = YES;
				CLANG_WARN_BLOCK_CAPTURE_AUTORELEASING = YES;
				CLANG_WARN_BOOL_CONVERSION = YES;
				CLANG_WARN_COMMA = YES;
				CLANG_WARN_CONSTANT_CONVERSION = YES;
				CLANG_WARN_DEPRECATED_OBJC_IMPLEMENTATIONS = YES;
				CLANG_WARN_DIRECT_OBJC_ISA_USAGE = YES_ERROR;
				CLANG_WARN_DOCUMENTATION_COMMENTS = YES;
				CLANG_WARN_EMPTY_BODY = YES;
				CLANG_WARN_ENUM_CONVERSION = YES;
				CLANG_WARN_INFINITE_RECURSION = YES;
				CLANG_WARN_INT_CONVERSION = YES;
				CLANG_WARN_NON_LITERAL_NULL_CONVERSION = YES;
				CLANG_WARN_OBJC_IMPLICIT_RETAIN_SELF = YES;
				CLANG_WARN_OBJC_LITERAL_CONVERSION = YES;
				CLANG_WARN_OBJC_ROOT_CLASS = YES_ERROR;
				CLANG_WARN_QUOTED_INCLUDE_IN_FRAMEWORK_HEADER = YES;
				CLANG_WARN_RANGE_LOOP_ANALYSIS = YES;
				CLANG_WARN_STRICT_PROTOTYPES = YES;
				CLANG_WARN_SUSPICIOUS_MOVE = YES;
				CLANG_WARN_UNGUARDED_AVAILABILITY = YES_AGGRESSIVE;
				CLANG_WARN_UNREACHABLE_CODE = YES;
				CLANG_WARN__DUPLICATE_METHOD_MATCH = YES;
				COPY_PHASE_STRIP = NO;
				DEBUG_INFORMATION_FORMAT = dwarf;
				ENABLE_STRICT_OBJC_MSGSEND = YES;
				ENABLE_TESTABILITY = YES;
				GCC_C_LANGUAGE_STANDARD = gnu11;
				GCC_DYNAMIC_NO_PIC = NO;
				GCC_NO_COMMON_BLOCKS = YES;
				GCC_OPTIMIZATION_LEVEL = 0;
				GCC_PREPROCESSOR_DEFINITIONS = (
					"DEBUG=1",
					"$(inherited)",
				);
				GCC_WARN_64_TO_32_BIT_CONVERSION = YES;
				GCC_WARN_ABOUT_RETURN_TYPE = YES_ERROR;
				GCC_WARN_UNDECLARED_SELECTOR = YES;
				GCC_WARN_UNINITIALIZED_AUTOS = YES_AGGRESSIVE;
				GCC_WARN_UNUSED_FUNCTION = YES;
				GCC_WARN_UNUSED_VARIABLE = YES;
				IPHONEOS_DEPLOYMENT_TARGET = 16.4;
				MTL_ENABLE_DEBUG_INFO = INCLUDE_SOURCE;
				MTL_FAST_MATH = YES;
				ONLY_ACTIVE_ARCH = YES;
				SDKROOT = iphoneos;
				SWIFT_ACTIVE_COMPILATION_CONDITIONS = DEBUG;
				SWIFT_OPTIMIZATION_LEVEL = "-Onone";
			};
			name = Debug;
		};
		ACFA92EB2BA21694006344BA /* Release */ = {
			isa = XCBuildConfiguration;
			buildSettings = {
				ALWAYS_SEARCH_USER_PATHS = NO;
				CLANG_ANALYZER_NONNULL = YES;
				CLANG_ANALYZER_NUMBER_OBJECT_CONVERSION = YES_AGGRESSIVE;
				CLANG_CXX_LANGUAGE_STANDARD = "gnu++20";
				CLANG_ENABLE_MODULES = YES;
				CLANG_ENABLE_OBJC_ARC = YES;
				CLANG_ENABLE_OBJC_WEAK = YES;
				CLANG_WARN_BLOCK_CAPTURE_AUTORELEASING = YES;
				CLANG_WARN_BOOL_CONVERSION = YES;
				CLANG_WARN_COMMA = YES;
				CLANG_WARN_CONSTANT_CONVERSION = YES;
				CLANG_WARN_DEPRECATED_OBJC_IMPLEMENTATIONS = YES;
				CLANG_WARN_DIRECT_OBJC_ISA_USAGE = YES_ERROR;
				CLANG_WARN_DOCUMENTATION_COMMENTS = YES;
				CLANG_WARN_EMPTY_BODY = YES;
				CLANG_WARN_ENUM_CONVERSION = YES;
				CLANG_WARN_INFINITE_RECURSION = YES;
				CLANG_WARN_INT_CONVERSION = YES;
				CLANG_WARN_NON_LITERAL_NULL_CONVERSION = YES;
				CLANG_WARN_OBJC_IMPLICIT_RETAIN_SELF = YES;
				CLANG_WARN_OBJC_LITERAL_CONVERSION = YES;
				CLANG_WARN_OBJC_ROOT_CLASS = YES_ERROR;
				CLANG_WARN_QUOTED_INCLUDE_IN_FRAMEWORK_HEADER = YES;
				CLANG_WARN_RANGE_LOOP_ANALYSIS = YES;
				CLANG_WARN_STRICT_PROTOTYPES = YES;
				CLANG_WARN_SUSPICIOUS_MOVE = YES;
				CLANG_WARN_UNGUARDED_AVAILABILITY = YES_AGGRESSIVE;
				CLANG_WARN_UNREACHABLE_CODE = YES;
				CLANG_WARN__DUPLICATE_METHOD_MATCH = YES;
				COPY_PHASE_STRIP = NO;
				DEBUG_INFORMATION_FORMAT = "dwarf-with-dsym";
				ENABLE_NS_ASSERTIONS = NO;
				ENABLE_STRICT_OBJC_MSGSEND = YES;
				GCC_C_LANGUAGE_STANDARD = gnu11;
				GCC_NO_COMMON_BLOCKS = YES;
				GCC_WARN_64_TO_32_BIT_CONVERSION = YES;
				GCC_WARN_ABOUT_RETURN_TYPE = YES_ERROR;
				GCC_WARN_UNDECLARED_SELECTOR = YES;
				GCC_WARN_UNINITIALIZED_AUTOS = YES_AGGRESSIVE;
				GCC_WARN_UNUSED_FUNCTION = YES;
				GCC_WARN_UNUSED_VARIABLE = YES;
				IPHONEOS_DEPLOYMENT_TARGET = 16.4;
				MTL_ENABLE_DEBUG_INFO = NO;
				MTL_FAST_MATH = YES;
				SDKROOT = iphoneos;
				SWIFT_COMPILATION_MODE = wholemodule;
				SWIFT_OPTIMIZATION_LEVEL = "-O";
				VALIDATE_PRODUCT = YES;
			};
			name = Release;
		};
		ACFA92ED2BA21694006344BA /* Debug */ = {
			isa = XCBuildConfiguration;
			buildSettings = {
				ASSETCATALOG_COMPILER_APPICON_NAME = AppIcon;
				ASSETCATALOG_COMPILER_GLOBAL_ACCENT_COLOR_NAME = AccentColor;
				CODE_SIGN_STYLE = Automatic;
				CURRENT_PROJECT_VERSION = 1;
				DEVELOPMENT_TEAM = 5469MBNSP6;
				GENERATE_INFOPLIST_FILE = YES;
				INFOPLIST_FILE = Tracker/Info.plist;
				INFOPLIST_KEY_CFBundleDisplayName = Tracker;
				INFOPLIST_KEY_UIApplicationSupportsIndirectInputEvents = YES;
				INFOPLIST_KEY_UILaunchStoryboardName = LaunchScreen;
				INFOPLIST_KEY_UISupportedInterfaceOrientations = UIInterfaceOrientationPortrait;
				INFOPLIST_KEY_UISupportedInterfaceOrientations_iPad = "UIInterfaceOrientationLandscapeLeft UIInterfaceOrientationLandscapeRight UIInterfaceOrientationPortrait UIInterfaceOrientationPortraitUpsideDown";
				IPHONEOS_DEPLOYMENT_TARGET = 13.4;
				LD_RUNPATH_SEARCH_PATHS = (
					"$(inherited)",
					"@executable_path/Frameworks",
				);
				MARKETING_VERSION = 1.0;
				PRODUCT_BUNDLE_IDENTIFIER = ru.baha333.Tracker;
				PRODUCT_NAME = "$(TARGET_NAME)";
				SUPPORTED_PLATFORMS = "iphoneos iphonesimulator";
				SUPPORTS_MACCATALYST = NO;
				SUPPORTS_MAC_DESIGNED_FOR_IPHONE_IPAD = YES;
				SWIFT_EMIT_LOC_STRINGS = YES;
				SWIFT_VERSION = 5.0;
				TARGETED_DEVICE_FAMILY = 1;
			};
			name = Debug;
		};
		ACFA92EE2BA21694006344BA /* Release */ = {
			isa = XCBuildConfiguration;
			buildSettings = {
				ASSETCATALOG_COMPILER_APPICON_NAME = AppIcon;
				ASSETCATALOG_COMPILER_GLOBAL_ACCENT_COLOR_NAME = AccentColor;
				CODE_SIGN_STYLE = Automatic;
				CURRENT_PROJECT_VERSION = 1;
				DEVELOPMENT_TEAM = 5469MBNSP6;
				GENERATE_INFOPLIST_FILE = YES;
				INFOPLIST_FILE = Tracker/Info.plist;
				INFOPLIST_KEY_CFBundleDisplayName = Tracker;
				INFOPLIST_KEY_UIApplicationSupportsIndirectInputEvents = YES;
				INFOPLIST_KEY_UILaunchStoryboardName = LaunchScreen;
				INFOPLIST_KEY_UISupportedInterfaceOrientations = UIInterfaceOrientationPortrait;
				INFOPLIST_KEY_UISupportedInterfaceOrientations_iPad = "UIInterfaceOrientationLandscapeLeft UIInterfaceOrientationLandscapeRight UIInterfaceOrientationPortrait UIInterfaceOrientationPortraitUpsideDown";
				IPHONEOS_DEPLOYMENT_TARGET = 13.4;
				LD_RUNPATH_SEARCH_PATHS = (
					"$(inherited)",
					"@executable_path/Frameworks",
				);
				MARKETING_VERSION = 1.0;
				PRODUCT_BUNDLE_IDENTIFIER = ru.baha333.Tracker;
				PRODUCT_NAME = "$(TARGET_NAME)";
				SUPPORTED_PLATFORMS = "iphoneos iphonesimulator";
				SUPPORTS_MACCATALYST = NO;
				SUPPORTS_MAC_DESIGNED_FOR_IPHONE_IPAD = YES;
				SWIFT_EMIT_LOC_STRINGS = YES;
				SWIFT_VERSION = 5.0;
				TARGETED_DEVICE_FAMILY = 1;
			};
			name = Release;
		};
/* End XCBuildConfiguration section */

/* Begin XCConfigurationList section */
		ACFA92D32BA21691006344BA /* Build configuration list for PBXProject "Tracker" */ = {
			isa = XCConfigurationList;
			buildConfigurations = (
				ACFA92EA2BA21694006344BA /* Debug */,
				ACFA92EB2BA21694006344BA /* Release */,
			);
			defaultConfigurationIsVisible = 0;
			defaultConfigurationName = Release;
		};
		ACFA92EC2BA21694006344BA /* Build configuration list for PBXNativeTarget "Tracker" */ = {
			isa = XCConfigurationList;
			buildConfigurations = (
				ACFA92ED2BA21694006344BA /* Debug */,
				ACFA92EE2BA21694006344BA /* Release */,
			);
			defaultConfigurationIsVisible = 0;
			defaultConfigurationName = Release;
		};
/* End XCConfigurationList section */

/* Begin XCVersionGroup section */
		AC2E4D092BB1EA4300FF042A /* TrackerCoreData.xcdatamodeld */ = {
			isa = XCVersionGroup;
			children = (
				AC2E4D0A2BB1EA4300FF042A /* TrackerCoreData.xcdatamodel */,
			);
			currentVersion = AC2E4D0A2BB1EA4300FF042A /* TrackerCoreData.xcdatamodel */;
			path = TrackerCoreData.xcdatamodeld;
			sourceTree = "<group>";
			versionGroupType = wrapper.xcdatamodel;
		};
/* End XCVersionGroup section */
	};
	rootObject = ACFA92D02BA21691006344BA /* Project object */;
}
