// !$*UTF8*$!
{
	archiveVersion = 1;
	classes = {
	};
	objectVersion = 56;
	objects = {

/* Begin PBXBuildFile section */
		56BD7282FE5A8DB2036783CA /* Pods_Tracker.framework in Frameworks */ = {isa = PBXBuildFile; fileRef = 6773B0D4AEB3C6E72BEDCA6C /* Pods_Tracker.framework */; };
		5D267B462BBB30A00011457C /* NewHabitOrEventViewController.swift in Sources */ = {isa = PBXBuildFile; fileRef = 5D267B452BBB30A00011457C /* NewHabitOrEventViewController.swift */; };
		5D267B482BBB701A0011457C /* ScheduleViewController.swift in Sources */ = {isa = PBXBuildFile; fileRef = 5D267B472BBB701A0011457C /* ScheduleViewController.swift */; };
		5D267B4C2BBC699B0011457C /* TrackerPropertiesCell.swift in Sources */ = {isa = PBXBuildFile; fileRef = 5D267B4B2BBC699B0011457C /* TrackerPropertiesCell.swift */; };
		5D77BA062C0CD52400528A3A /* SnapshotTesting in Frameworks */ = {isa = PBXBuildFile; productRef = 5D77BA052C0CD52400528A3A /* SnapshotTesting */; };
		5D77BA192C0D17A600528A3A /* Localizable.strings in Resources */ = {isa = PBXBuildFile; fileRef = 5D77BA1B2C0D17A600528A3A /* Localizable.strings */; };
		5D77BA1E2C0D225900528A3A /* String.swift in Sources */ = {isa = PBXBuildFile; fileRef = 5D77BA1D2C0D225900528A3A /* String.swift */; };
		5D784AE12BED33CC00505F9A /* TrackersViewModel.swift in Sources */ = {isa = PBXBuildFile; fileRef = 5D784AE02BED33CC00505F9A /* TrackersViewModel.swift */; };
		5D784AE32BED340200505F9A /* Binding.swift in Sources */ = {isa = PBXBuildFile; fileRef = 5D784AE22BED340200505F9A /* Binding.swift */; };
		5D784AF92BEF990D00505F9A /* ListOfCategoriesViewController.swift in Sources */ = {isa = PBXBuildFile; fileRef = 5D784AF82BEF990D00505F9A /* ListOfCategoriesViewController.swift */; };
		5D784AFB2BEFBF0200505F9A /* NewCategoryViewController.swift in Sources */ = {isa = PBXBuildFile; fileRef = 5D784AFA2BEFBF0200505F9A /* NewCategoryViewController.swift */; };
		5D7AC1792BBF89E8001027D9 /* IntForDays.swift in Sources */ = {isa = PBXBuildFile; fileRef = 5D7AC1782BBF89E8001027D9 /* IntForDays.swift */; };
		5D7AC17B2BC09884001027D9 /* ViewController.swift in Sources */ = {isa = PBXBuildFile; fileRef = 5D7AC17A2BC09884001027D9 /* ViewController.swift */; };
		5D7AC1D92BC9F574001027D9 /* EmojiCollectionCell.swift in Sources */ = {isa = PBXBuildFile; fileRef = 5D7AC1D82BC9F574001027D9 /* EmojiCollectionCell.swift */; };
		5D7AC1DB2BCB518A001027D9 /* ColorCollectionCell.swift in Sources */ = {isa = PBXBuildFile; fileRef = 5D7AC1DA2BCB518A001027D9 /* ColorCollectionCell.swift */; };
		5D7AC1E22BCDB590001027D9 /* TrackerStore.swift in Sources */ = {isa = PBXBuildFile; fileRef = 5D7AC1E12BCDB590001027D9 /* TrackerStore.swift */; };
		5D7AC1E72BD1EE17001027D9 /* TrackerRecordStore.swift in Sources */ = {isa = PBXBuildFile; fileRef = 5D7AC1E62BD1EE17001027D9 /* TrackerRecordStore.swift */; };
		5D7AC1E92BD327D8001027D9 /* DateWithoutTime.swift in Sources */ = {isa = PBXBuildFile; fileRef = 5D7AC1E82BD327D8001027D9 /* DateWithoutTime.swift */; };
		5D7AC23E2BE1935E001027D9 /* PageViewController.swift in Sources */ = {isa = PBXBuildFile; fileRef = 5D7AC23D2BE1935E001027D9 /* PageViewController.swift */; };
		5D7AC2402BE1BC0D001027D9 /* OnboardingFirstViewController.swift in Sources */ = {isa = PBXBuildFile; fileRef = 5D7AC23F2BE1BC0D001027D9 /* OnboardingFirstViewController.swift */; };
		5D7AC2422BE29CDE001027D9 /* OnboardingSecondViewController.swift in Sources */ = {isa = PBXBuildFile; fileRef = 5D7AC2412BE29CDE001027D9 /* OnboardingSecondViewController.swift */; };
		5DAA6C0E2BF0491800917093 /* EditingCategoryViewController.swift in Sources */ = {isa = PBXBuildFile; fileRef = 5DAA6C0D2BF0491800917093 /* EditingCategoryViewController.swift */; };
		5DAA6C362C038E9D00917093 /* FiltersViewController.swift in Sources */ = {isa = PBXBuildFile; fileRef = 5DAA6C352C038E9D00917093 /* FiltersViewController.swift */; };
		5DAA6C382C05403200917093 /* Filters.swift in Sources */ = {isa = PBXBuildFile; fileRef = 5DAA6C372C05403200917093 /* Filters.swift */; };
		5DAA6C3A2C0A79AD00917093 /* TrackerForStatistics.swift in Sources */ = {isa = PBXBuildFile; fileRef = 5DAA6C392C0A79AD00917093 /* TrackerForStatistics.swift */; };
		5DAA6C422C0CCA8700917093 /* TrackerTests.swift in Sources */ = {isa = PBXBuildFile; fileRef = 5DAA6C412C0CCA8700917093 /* TrackerTests.swift */; };
		5DC1BE282C0E7FD1006ED47E /* AnalyticsService.swift in Sources */ = {isa = PBXBuildFile; fileRef = 5DC1BE272C0E7FD1006ED47E /* AnalyticsService.swift */; };
		5DC39B9D2BA771F000F6CDB7 /* StatisticsViewController.swift in Sources */ = {isa = PBXBuildFile; fileRef = 5DC39B9C2BA771F000F6CDB7 /* StatisticsViewController.swift */; };
		5DC39C0E2BB5F8EE00F6CDB7 /* Tracker.swift in Sources */ = {isa = PBXBuildFile; fileRef = 5DC39C0D2BB5F8EE00F6CDB7 /* Tracker.swift */; };
		5DC39C102BB5F92000F6CDB7 /* TrackerCategory.swift in Sources */ = {isa = PBXBuildFile; fileRef = 5DC39C0F2BB5F92000F6CDB7 /* TrackerCategory.swift */; };
		5DC39C122BB5F95400F6CDB7 /* TrackerRecord.swift in Sources */ = {isa = PBXBuildFile; fileRef = 5DC39C112BB5F95400F6CDB7 /* TrackerRecord.swift */; };
		5DC39C162BB876F200F6CDB7 /* TrackerCell.swift in Sources */ = {isa = PBXBuildFile; fileRef = 5DC39C152BB876F100F6CDB7 /* TrackerCell.swift */; };
		5DC39C182BB8D23B00F6CDB7 /* CreateTrackerViewController.swift in Sources */ = {isa = PBXBuildFile; fileRef = 5DC39C172BB8D23B00F6CDB7 /* CreateTrackerViewController.swift */; };
		5DC39C1A2BB8D6F300F6CDB7 /* HeaderSectionView.swift in Sources */ = {isa = PBXBuildFile; fileRef = 5DC39C192BB8D6F300F6CDB7 /* HeaderSectionView.swift */; };
		5DC39C212BB8E4F700F6CDB7 /* Weekdays.swift in Sources */ = {isa = PBXBuildFile; fileRef = 5DC39C202BB8E4F700F6CDB7 /* Weekdays.swift */; };
		5DC39C252BB970AF00F6CDB7 /* Colors.swift in Sources */ = {isa = PBXBuildFile; fileRef = 5DC39C242BB970AF00F6CDB7 /* Colors.swift */; };
		5DD2DB2B2B9FC4D000EF1636 /* AppDelegate.swift in Sources */ = {isa = PBXBuildFile; fileRef = 5DD2DB2A2B9FC4D000EF1636 /* AppDelegate.swift */; };
		5DD2DB2D2B9FC4D000EF1636 /* SceneDelegate.swift in Sources */ = {isa = PBXBuildFile; fileRef = 5DD2DB2C2B9FC4D000EF1636 /* SceneDelegate.swift */; };
		5DD2DB2F2B9FC4D000EF1636 /* TrackersViewController.swift in Sources */ = {isa = PBXBuildFile; fileRef = 5DD2DB2E2B9FC4D000EF1636 /* TrackersViewController.swift */; };
		5DD2DB342B9FC4D200EF1636 /* Assets.xcassets in Resources */ = {isa = PBXBuildFile; fileRef = 5DD2DB332B9FC4D200EF1636 /* Assets.xcassets */; };
		5DD2DB372B9FC4D200EF1636 /* LaunchScreen.storyboard in Resources */ = {isa = PBXBuildFile; fileRef = 5DD2DB352B9FC4D200EF1636 /* LaunchScreen.storyboard */; };
		9CB4CCA82C0DDA11178F6E03 /* Pods_TrackerTests.framework in Frameworks */ = {isa = PBXBuildFile; fileRef = 588F812972F7DAFA1A1C5250 /* Pods_TrackerTests.framework */; };
		ACE6DCA62C132E5D0015BCEC /* Model.xcdatamodeld in Sources */ = {isa = PBXBuildFile; fileRef = ACE6DCA42C132E5D0015BCEC /* Model.xcdatamodeld */; };
		ACE6DCAC2C132F5E0015BCEC /* TabBarController.swift in Sources */ = {isa = PBXBuildFile; fileRef = ACE6DCAB2C132F5E0015BCEC /* TabBarController.swift */; };
/* End PBXBuildFile section */

/* Begin PBXContainerItemProxy section */
		5DAA6C432C0CCA8700917093 /* PBXContainerItemProxy */ = {
			isa = PBXContainerItemProxy;
			containerPortal = 5DD2DB1F2B9FC4D000EF1636 /* Project object */;
			proxyType = 1;
			remoteGlobalIDString = 5DD2DB262B9FC4D000EF1636;
			remoteInfo = Tracker;
		};
/* End PBXContainerItemProxy section */

/* Begin PBXFileReference section */
		1A5903B0068112668A36AA88 /* Pods-Tracker.debug.xcconfig */ = {isa = PBXFileReference; includeInIndex = 1; lastKnownFileType = text.xcconfig; name = "Pods-Tracker.debug.xcconfig"; path = "Target Support Files/Pods-Tracker/Pods-Tracker.debug.xcconfig"; sourceTree = "<group>"; };
		37CE70A23D6E010E6C8923CB /* Pods-TrackerTests.debug.xcconfig */ = {isa = PBXFileReference; includeInIndex = 1; lastKnownFileType = text.xcconfig; name = "Pods-TrackerTests.debug.xcconfig"; path = "Target Support Files/Pods-TrackerTests/Pods-TrackerTests.debug.xcconfig"; sourceTree = "<group>"; };
		588F812972F7DAFA1A1C5250 /* Pods_TrackerTests.framework */ = {isa = PBXFileReference; explicitFileType = wrapper.framework; includeInIndex = 0; path = Pods_TrackerTests.framework; sourceTree = BUILT_PRODUCTS_DIR; };
		5D267B452BBB30A00011457C /* NewHabitOrEventViewController.swift */ = {isa = PBXFileReference; lastKnownFileType = sourcecode.swift; path = NewHabitOrEventViewController.swift; sourceTree = "<group>"; };
		5D267B472BBB701A0011457C /* ScheduleViewController.swift */ = {isa = PBXFileReference; lastKnownFileType = sourcecode.swift; path = ScheduleViewController.swift; sourceTree = "<group>"; };
		5D267B4B2BBC699B0011457C /* TrackerPropertiesCell.swift */ = {isa = PBXFileReference; lastKnownFileType = sourcecode.swift; path = TrackerPropertiesCell.swift; sourceTree = "<group>"; };
		5D77BA1A2C0D17A600528A3A /* en */ = {isa = PBXFileReference; lastKnownFileType = text.plist.strings; name = en; path = en.lproj/Localizable.strings; sourceTree = "<group>"; };
		5D77BA1C2C0D17B200528A3A /* ru */ = {isa = PBXFileReference; lastKnownFileType = text.plist.strings; name = ru; path = ru.lproj/Localizable.strings; sourceTree = "<group>"; };
		5D77BA1D2C0D225900528A3A /* String.swift */ = {isa = PBXFileReference; lastKnownFileType = sourcecode.swift; path = String.swift; sourceTree = "<group>"; };
		5D784AE02BED33CC00505F9A /* TrackersViewModel.swift */ = {isa = PBXFileReference; lastKnownFileType = sourcecode.swift; path = TrackersViewModel.swift; sourceTree = "<group>"; };
		5D784AE22BED340200505F9A /* Binding.swift */ = {isa = PBXFileReference; lastKnownFileType = sourcecode.swift; path = Binding.swift; sourceTree = "<group>"; };
		5D784AF82BEF990D00505F9A /* ListOfCategoriesViewController.swift */ = {isa = PBXFileReference; lastKnownFileType = sourcecode.swift; path = ListOfCategoriesViewController.swift; sourceTree = "<group>"; };
		5D784AFA2BEFBF0200505F9A /* NewCategoryViewController.swift */ = {isa = PBXFileReference; lastKnownFileType = sourcecode.swift; path = NewCategoryViewController.swift; sourceTree = "<group>"; };
		5D7AC1782BBF89E8001027D9 /* IntForDays.swift */ = {isa = PBXFileReference; lastKnownFileType = sourcecode.swift; path = IntForDays.swift; sourceTree = "<group>"; };
		5D7AC17A2BC09884001027D9 /* ViewController.swift */ = {isa = PBXFileReference; lastKnownFileType = sourcecode.swift; path = ViewController.swift; sourceTree = "<group>"; };
		5D7AC1D82BC9F574001027D9 /* EmojiCollectionCell.swift */ = {isa = PBXFileReference; lastKnownFileType = sourcecode.swift; path = EmojiCollectionCell.swift; sourceTree = "<group>"; };
		5D7AC1DA2BCB518A001027D9 /* ColorCollectionCell.swift */ = {isa = PBXFileReference; lastKnownFileType = sourcecode.swift; path = ColorCollectionCell.swift; sourceTree = "<group>"; };
		5D7AC1E12BCDB590001027D9 /* TrackerStore.swift */ = {isa = PBXFileReference; lastKnownFileType = sourcecode.swift; path = TrackerStore.swift; sourceTree = "<group>"; };
		5D7AC1E62BD1EE17001027D9 /* TrackerRecordStore.swift */ = {isa = PBXFileReference; lastKnownFileType = sourcecode.swift; path = TrackerRecordStore.swift; sourceTree = "<group>"; };
		5D7AC1E82BD327D8001027D9 /* DateWithoutTime.swift */ = {isa = PBXFileReference; lastKnownFileType = sourcecode.swift; path = DateWithoutTime.swift; sourceTree = "<group>"; };
		5D7AC23D2BE1935E001027D9 /* PageViewController.swift */ = {isa = PBXFileReference; lastKnownFileType = sourcecode.swift; path = PageViewController.swift; sourceTree = "<group>"; };
		5D7AC23F2BE1BC0D001027D9 /* OnboardingFirstViewController.swift */ = {isa = PBXFileReference; lastKnownFileType = sourcecode.swift; path = OnboardingFirstViewController.swift; sourceTree = "<group>"; };
		5D7AC2412BE29CDE001027D9 /* OnboardingSecondViewController.swift */ = {isa = PBXFileReference; lastKnownFileType = sourcecode.swift; path = OnboardingSecondViewController.swift; sourceTree = "<group>"; };
		5DAA6C0D2BF0491800917093 /* EditingCategoryViewController.swift */ = {isa = PBXFileReference; lastKnownFileType = sourcecode.swift; path = EditingCategoryViewController.swift; sourceTree = "<group>"; };
		5DAA6C352C038E9D00917093 /* FiltersViewController.swift */ = {isa = PBXFileReference; lastKnownFileType = sourcecode.swift; path = FiltersViewController.swift; sourceTree = "<group>"; };
		5DAA6C372C05403200917093 /* Filters.swift */ = {isa = PBXFileReference; lastKnownFileType = sourcecode.swift; path = Filters.swift; sourceTree = "<group>"; };
		5DAA6C392C0A79AD00917093 /* TrackerForStatistics.swift */ = {isa = PBXFileReference; lastKnownFileType = sourcecode.swift; path = TrackerForStatistics.swift; sourceTree = "<group>"; };
		5DAA6C3F2C0CCA8600917093 /* TrackerTests.xctest */ = {isa = PBXFileReference; explicitFileType = wrapper.cfbundle; includeInIndex = 0; path = TrackerTests.xctest; sourceTree = BUILT_PRODUCTS_DIR; };
		5DAA6C412C0CCA8700917093 /* TrackerTests.swift */ = {isa = PBXFileReference; lastKnownFileType = sourcecode.swift; path = TrackerTests.swift; sourceTree = "<group>"; };
		5DC1BE272C0E7FD1006ED47E /* AnalyticsService.swift */ = {isa = PBXFileReference; lastKnownFileType = sourcecode.swift; path = AnalyticsService.swift; sourceTree = "<group>"; };
		5DC39B9C2BA771F000F6CDB7 /* StatisticsViewController.swift */ = {isa = PBXFileReference; lastKnownFileType = sourcecode.swift; path = StatisticsViewController.swift; sourceTree = "<group>"; };
		5DC39C0D2BB5F8EE00F6CDB7 /* Tracker.swift */ = {isa = PBXFileReference; lastKnownFileType = sourcecode.swift; path = Tracker.swift; sourceTree = "<group>"; };
		5DC39C0F2BB5F92000F6CDB7 /* TrackerCategory.swift */ = {isa = PBXFileReference; lastKnownFileType = sourcecode.swift; path = TrackerCategory.swift; sourceTree = "<group>"; };
		5DC39C112BB5F95400F6CDB7 /* TrackerRecord.swift */ = {isa = PBXFileReference; lastKnownFileType = sourcecode.swift; path = TrackerRecord.swift; sourceTree = "<group>"; };
		5DC39C152BB876F100F6CDB7 /* TrackerCell.swift */ = {isa = PBXFileReference; lastKnownFileType = sourcecode.swift; path = TrackerCell.swift; sourceTree = "<group>"; };
		5DC39C172BB8D23B00F6CDB7 /* CreateTrackerViewController.swift */ = {isa = PBXFileReference; lastKnownFileType = sourcecode.swift; path = CreateTrackerViewController.swift; sourceTree = "<group>"; };
		5DC39C192BB8D6F300F6CDB7 /* HeaderSectionView.swift */ = {isa = PBXFileReference; lastKnownFileType = sourcecode.swift; path = HeaderSectionView.swift; sourceTree = "<group>"; };
		5DC39C202BB8E4F700F6CDB7 /* Weekdays.swift */ = {isa = PBXFileReference; lastKnownFileType = sourcecode.swift; path = Weekdays.swift; sourceTree = "<group>"; };
		5DC39C242BB970AF00F6CDB7 /* Colors.swift */ = {isa = PBXFileReference; lastKnownFileType = sourcecode.swift; path = Colors.swift; sourceTree = "<group>"; };
		5DD2DB272B9FC4D000EF1636 /* Tracker.app */ = {isa = PBXFileReference; explicitFileType = wrapper.application; includeInIndex = 0; path = Tracker.app; sourceTree = BUILT_PRODUCTS_DIR; };
		5DD2DB2A2B9FC4D000EF1636 /* AppDelegate.swift */ = {isa = PBXFileReference; lastKnownFileType = sourcecode.swift; path = AppDelegate.swift; sourceTree = "<group>"; };
		5DD2DB2C2B9FC4D000EF1636 /* SceneDelegate.swift */ = {isa = PBXFileReference; lastKnownFileType = sourcecode.swift; path = SceneDelegate.swift; sourceTree = "<group>"; };
		5DD2DB2E2B9FC4D000EF1636 /* TrackersViewController.swift */ = {isa = PBXFileReference; lastKnownFileType = sourcecode.swift; path = TrackersViewController.swift; sourceTree = "<group>"; };
		5DD2DB332B9FC4D200EF1636 /* Assets.xcassets */ = {isa = PBXFileReference; lastKnownFileType = folder.assetcatalog; path = Assets.xcassets; sourceTree = "<group>"; };
		5DD2DB362B9FC4D200EF1636 /* Base */ = {isa = PBXFileReference; lastKnownFileType = file.storyboard; name = Base; path = Base.lproj/LaunchScreen.storyboard; sourceTree = "<group>"; };
		5DD2DB382B9FC4D200EF1636 /* Info.plist */ = {isa = PBXFileReference; lastKnownFileType = text.plist.xml; path = Info.plist; sourceTree = "<group>"; };
		6773B0D4AEB3C6E72BEDCA6C /* Pods_Tracker.framework */ = {isa = PBXFileReference; explicitFileType = wrapper.framework; includeInIndex = 0; path = Pods_Tracker.framework; sourceTree = BUILT_PRODUCTS_DIR; };
		6B3FDB75BD8641941F96EF4E /* Pods-Tracker.release.xcconfig */ = {isa = PBXFileReference; includeInIndex = 1; lastKnownFileType = text.xcconfig; name = "Pods-Tracker.release.xcconfig"; path = "Target Support Files/Pods-Tracker/Pods-Tracker.release.xcconfig"; sourceTree = "<group>"; };
		7E776E175CDDA05BD7222F0C /* Pods-TrackerTests.release.xcconfig */ = {isa = PBXFileReference; includeInIndex = 1; lastKnownFileType = text.xcconfig; name = "Pods-TrackerTests.release.xcconfig"; path = "Target Support Files/Pods-TrackerTests/Pods-TrackerTests.release.xcconfig"; sourceTree = "<group>"; };
		ACE6DCA52C132E5D0015BCEC /* Model.xcdatamodel */ = {isa = PBXFileReference; lastKnownFileType = wrapper.xcdatamodel; path = Model.xcdatamodel; sourceTree = "<group>"; };
		ACE6DCAB2C132F5E0015BCEC /* TabBarController.swift */ = {isa = PBXFileReference; fileEncoding = 4; lastKnownFileType = sourcecode.swift; path = TabBarController.swift; sourceTree = "<group>"; };
/* End PBXFileReference section */

/* Begin PBXFrameworksBuildPhase section */
		5DAA6C3C2C0CCA8600917093 /* Frameworks */ = {
			isa = PBXFrameworksBuildPhase;
			buildActionMask = 2147483647;
			files = (
				5D77BA062C0CD52400528A3A /* SnapshotTesting in Frameworks */,
				9CB4CCA82C0DDA11178F6E03 /* Pods_TrackerTests.framework in Frameworks */,
			);
			runOnlyForDeploymentPostprocessing = 0;
		};
		5DD2DB242B9FC4D000EF1636 /* Frameworks */ = {
			isa = PBXFrameworksBuildPhase;
			buildActionMask = 2147483647;
			files = (
				56BD7282FE5A8DB2036783CA /* Pods_Tracker.framework in Frameworks */,
			);
			runOnlyForDeploymentPostprocessing = 0;
		};
/* End PBXFrameworksBuildPhase section */

/* Begin PBXGroup section */
		4A004FC86C682541858B2660 /* Pods */ = {
			isa = PBXGroup;
			children = (
				1A5903B0068112668A36AA88 /* Pods-Tracker.debug.xcconfig */,
				6B3FDB75BD8641941F96EF4E /* Pods-Tracker.release.xcconfig */,
				37CE70A23D6E010E6C8923CB /* Pods-TrackerTests.debug.xcconfig */,
				7E776E175CDDA05BD7222F0C /* Pods-TrackerTests.release.xcconfig */,
			);
			path = Pods;
			sourceTree = "<group>";
		};
		5D267B492BBB93340011457C /* TrackersViewController */ = {
			isa = PBXGroup;
			children = (
				5D784AE02BED33CC00505F9A /* TrackersViewModel.swift */,
				5DD2DB2E2B9FC4D000EF1636 /* TrackersViewController.swift */,
				5DC39C152BB876F100F6CDB7 /* TrackerCell.swift */,
				5DC39C192BB8D6F300F6CDB7 /* HeaderSectionView.swift */,
				5D784AE22BED340200505F9A /* Binding.swift */,
			);
			path = TrackersViewController;
			sourceTree = "<group>";
		};
		5D267B4A2BBB93730011457C /* ViewControllers */ = {
			isa = PBXGroup;
			children = (
				5DC39B9C2BA771F000F6CDB7 /* StatisticsViewController.swift */,
				5D267B492BBB93340011457C /* TrackersViewController */,
				5DAA6C352C038E9D00917093 /* FiltersViewController.swift */,
				5DC39C172BB8D23B00F6CDB7 /* CreateTrackerViewController.swift */,
				5D7732182BBCF01800E3476D /* NewHabitOrEventViewController */,
			);
			path = ViewControllers;
			sourceTree = "<group>";
		};
		5D7732182BBCF01800E3476D /* NewHabitOrEventViewController */ = {
			isa = PBXGroup;
			children = (
				5D267B452BBB30A00011457C /* NewHabitOrEventViewController.swift */,
				5D267B4B2BBC699B0011457C /* TrackerPropertiesCell.swift */,
				5D7AC1D82BC9F574001027D9 /* EmojiCollectionCell.swift */,
				5D7AC1DA2BCB518A001027D9 /* ColorCollectionCell.swift */,
				5D784AF72BEF98AF00505F9A /* Categories */,
				5D267B472BBB701A0011457C /* ScheduleViewController.swift */,
			);
			path = NewHabitOrEventViewController;
			sourceTree = "<group>";
		};
		5D784AE42BED7CE300505F9A /* Application */ = {
			isa = PBXGroup;
			children = (
				5DD2DB2A2B9FC4D000EF1636 /* AppDelegate.swift */,
				5DD2DB2C2B9FC4D000EF1636 /* SceneDelegate.swift */,
			);
			path = Application;
			sourceTree = "<group>";
		};
		5D784AF72BEF98AF00505F9A /* Categories */ = {
			isa = PBXGroup;
			children = (
				5D784AF82BEF990D00505F9A /* ListOfCategoriesViewController.swift */,
				5D784AFA2BEFBF0200505F9A /* NewCategoryViewController.swift */,
				5DAA6C0D2BF0491800917093 /* EditingCategoryViewController.swift */,
			);
			path = Categories;
			sourceTree = "<group>";
		};
		5D7AC1E32BD084E1001027D9 /* Store */ = {
			isa = PBXGroup;
			children = (
				5D7AC1E12BCDB590001027D9 /* TrackerStore.swift */,
				5D7AC1E62BD1EE17001027D9 /* TrackerRecordStore.swift */,
			);
			path = Store;
			sourceTree = "<group>";
		};
		5D7AC1EA2BD4BA04001027D9 /* CoreData */ = {
			isa = PBXGroup;
			children = (
				ACE6DCA42C132E5D0015BCEC /* Model.xcdatamodeld */,
			);
			path = CoreData;
			sourceTree = "<group>";
		};
		5D7AC23C2BE19313001027D9 /* Onboarding */ = {
			isa = PBXGroup;
			children = (
				5D7AC23D2BE1935E001027D9 /* PageViewController.swift */,
				5D7AC23F2BE1BC0D001027D9 /* OnboardingFirstViewController.swift */,
				5D7AC2412BE29CDE001027D9 /* OnboardingSecondViewController.swift */,
			);
			path = Onboarding;
			sourceTree = "<group>";
		};
		5DAA6C402C0CCA8700917093 /* TrackerTests */ = {
			isa = PBXGroup;
			children = (
				5DAA6C412C0CCA8700917093 /* TrackerTests.swift */,
			);
			path = TrackerTests;
			sourceTree = "<group>";
		};
		5DC39B992BA770E000F6CDB7 /* TabBarController */ = {
			isa = PBXGroup;
			children = (
				ACE6DCAB2C132F5E0015BCEC /* TabBarController.swift */,
			);
			path = TabBarController;
			sourceTree = "<group>";
		};
		5DC39C0C2BB5F8AE00F6CDB7 /* Models */ = {
			isa = PBXGroup;
			children = (
				5DC39C0D2BB5F8EE00F6CDB7 /* Tracker.swift */,
				5DC39C0F2BB5F92000F6CDB7 /* TrackerCategory.swift */,
				5DC39C112BB5F95400F6CDB7 /* TrackerRecord.swift */,
				5DAA6C392C0A79AD00917093 /* TrackerForStatistics.swift */,
				5DC39C202BB8E4F700F6CDB7 /* Weekdays.swift */,
				5DAA6C372C05403200917093 /* Filters.swift */,
				5DC1BE272C0E7FD1006ED47E /* AnalyticsService.swift */,
			);
			path = Models;
			sourceTree = "<group>";
		};
		5DC39C1B2BB8E24000F6CDB7 /* Helpers */ = {
			isa = PBXGroup;
			children = (
				5DC39C242BB970AF00F6CDB7 /* Colors.swift */,
				5D7AC1782BBF89E8001027D9 /* IntForDays.swift */,
				5D7AC17A2BC09884001027D9 /* ViewController.swift */,
				5D7AC1E82BD327D8001027D9 /* DateWithoutTime.swift */,
				5D77BA1D2C0D225900528A3A /* String.swift */,
			);
			path = Helpers;
			sourceTree = "<group>";
		};
		5DD2DB1E2B9FC4D000EF1636 = {
			isa = PBXGroup;
			children = (
				5DD2DB292B9FC4D000EF1636 /* Tracker */,
				5DAA6C402C0CCA8700917093 /* TrackerTests */,
				5DD2DB282B9FC4D000EF1636 /* Products */,
				4A004FC86C682541858B2660 /* Pods */,
				A6EA885DE2AD4761BE749171 /* Frameworks */,
			);
			sourceTree = "<group>";
		};
		5DD2DB282B9FC4D000EF1636 /* Products */ = {
			isa = PBXGroup;
			children = (
				5DD2DB272B9FC4D000EF1636 /* Tracker.app */,
				5DAA6C3F2C0CCA8600917093 /* TrackerTests.xctest */,
			);
			name = Products;
			sourceTree = "<group>";
		};
		5DD2DB292B9FC4D000EF1636 /* Tracker */ = {
			isa = PBXGroup;
			children = (
				5D784AE42BED7CE300505F9A /* Application */,
				5D7AC23C2BE19313001027D9 /* Onboarding */,
				5D7AC1EA2BD4BA04001027D9 /* CoreData */,
				5DC39C0C2BB5F8AE00F6CDB7 /* Models */,
				5D7AC1E32BD084E1001027D9 /* Store */,
				5DC39B992BA770E000F6CDB7 /* TabBarController */,
				5D267B4A2BBB93730011457C /* ViewControllers */,
				5DC39C1B2BB8E24000F6CDB7 /* Helpers */,
				5DD2DB332B9FC4D200EF1636 /* Assets.xcassets */,
				5DD2DB352B9FC4D200EF1636 /* LaunchScreen.storyboard */,
				5DD2DB382B9FC4D200EF1636 /* Info.plist */,
				5D77BA1B2C0D17A600528A3A /* Localizable.strings */,
			);
			path = Tracker;
			sourceTree = "<group>";
		};
		A6EA885DE2AD4761BE749171 /* Frameworks */ = {
			isa = PBXGroup;
			children = (
				6773B0D4AEB3C6E72BEDCA6C /* Pods_Tracker.framework */,
				588F812972F7DAFA1A1C5250 /* Pods_TrackerTests.framework */,
			);
			name = Frameworks;
			sourceTree = "<group>";
		};
/* End PBXGroup section */

/* Begin PBXNativeTarget section */
		5DAA6C3E2C0CCA8600917093 /* TrackerTests */ = {
			isa = PBXNativeTarget;
			buildConfigurationList = 5DAA6C472C0CCA8700917093 /* Build configuration list for PBXNativeTarget "TrackerTests" */;
			buildPhases = (
				547C754E41E0EED95900963E /* [CP] Check Pods Manifest.lock */,
				5DAA6C3B2C0CCA8600917093 /* Sources */,
				5DAA6C3C2C0CCA8600917093 /* Frameworks */,
				5DAA6C3D2C0CCA8600917093 /* Resources */,
			);
			buildRules = (
			);
			dependencies = (
				5DAA6C442C0CCA8700917093 /* PBXTargetDependency */,
			);
			name = TrackerTests;
			packageProductDependencies = (
				5D77BA052C0CD52400528A3A /* SnapshotTesting */,
			);
			productName = TrackerTests;
			productReference = 5DAA6C3F2C0CCA8600917093 /* TrackerTests.xctest */;
			productType = "com.apple.product-type.bundle.unit-test";
		};
		5DD2DB262B9FC4D000EF1636 /* Tracker */ = {
			isa = PBXNativeTarget;
			buildConfigurationList = 5DD2DB512B9FC4D300EF1636 /* Build configuration list for PBXNativeTarget "Tracker" */;
			buildPhases = (
				B94BD0343AE6AE6EA39C03D2 /* [CP] Check Pods Manifest.lock */,
				5DD2DB232B9FC4D000EF1636 /* Sources */,
				5DD2DB242B9FC4D000EF1636 /* Frameworks */,
				5DD2DB252B9FC4D000EF1636 /* Resources */,
				BEA0AF5B636ED36A558EE171 /* [CP] Embed Pods Frameworks */,
			);
			buildRules = (
			);
			dependencies = (
			);
			name = Tracker;
			productName = Tracker;
			productReference = 5DD2DB272B9FC4D000EF1636 /* Tracker.app */;
			productType = "com.apple.product-type.application";
		};
/* End PBXNativeTarget section */

/* Begin PBXProject section */
		5DD2DB1F2B9FC4D000EF1636 /* Project object */ = {
			isa = PBXProject;
			attributes = {
				BuildIndependentTargetsInParallel = 1;
				LastSwiftUpdateCheck = 1420;
				LastUpgradeCheck = 1420;
				TargetAttributes = {
					5DAA6C3E2C0CCA8600917093 = {
						CreatedOnToolsVersion = 14.2;
						TestTargetID = 5DD2DB262B9FC4D000EF1636;
					};
					5DD2DB262B9FC4D000EF1636 = {
						CreatedOnToolsVersion = 14.2;
					};
				};
			};
			buildConfigurationList = 5DD2DB222B9FC4D000EF1636 /* Build configuration list for PBXProject "Tracker" */;
			compatibilityVersion = "Xcode 14.0";
			developmentRegion = en;
			hasScannedForEncodings = 0;
			knownRegions = (
				en,
				Base,
				ru,
			);
			mainGroup = 5DD2DB1E2B9FC4D000EF1636;
			packageReferences = (
				5D77BA042C0CD52400528A3A /* XCRemoteSwiftPackageReference "swift-snapshot-testing" */,
			);
			productRefGroup = 5DD2DB282B9FC4D000EF1636 /* Products */;
			projectDirPath = "";
			projectRoot = "";
			targets = (
				5DD2DB262B9FC4D000EF1636 /* Tracker */,
				5DAA6C3E2C0CCA8600917093 /* TrackerTests */,
			);
		};
/* End PBXProject section */

/* Begin PBXResourcesBuildPhase section */
		5DAA6C3D2C0CCA8600917093 /* Resources */ = {
			isa = PBXResourcesBuildPhase;
			buildActionMask = 2147483647;
			files = (
			);
			runOnlyForDeploymentPostprocessing = 0;
		};
		5DD2DB252B9FC4D000EF1636 /* Resources */ = {
			isa = PBXResourcesBuildPhase;
			buildActionMask = 2147483647;
			files = (
				5DD2DB372B9FC4D200EF1636 /* LaunchScreen.storyboard in Resources */,
				5D77BA192C0D17A600528A3A /* Localizable.strings in Resources */,
				5DD2DB342B9FC4D200EF1636 /* Assets.xcassets in Resources */,
			);
			runOnlyForDeploymentPostprocessing = 0;
		};
/* End PBXResourcesBuildPhase section */

/* Begin PBXShellScriptBuildPhase section */
		547C754E41E0EED95900963E /* [CP] Check Pods Manifest.lock */ = {
			isa = PBXShellScriptBuildPhase;
			buildActionMask = 2147483647;
			files = (
			);
			inputFileListPaths = (
			);
			inputPaths = (
				"${PODS_PODFILE_DIR_PATH}/Podfile.lock",
				"${PODS_ROOT}/Manifest.lock",
			);
			name = "[CP] Check Pods Manifest.lock";
			outputFileListPaths = (
			);
			outputPaths = (
				"$(DERIVED_FILE_DIR)/Pods-TrackerTests-checkManifestLockResult.txt",
			);
			runOnlyForDeploymentPostprocessing = 0;
			shellPath = /bin/sh;
			shellScript = "diff \"${PODS_PODFILE_DIR_PATH}/Podfile.lock\" \"${PODS_ROOT}/Manifest.lock\" > /dev/null\nif [ $? != 0 ] ; then\n    # print error to STDERR\n    echo \"error: The sandbox is not in sync with the Podfile.lock. Run 'pod install' or update your CocoaPods installation.\" >&2\n    exit 1\nfi\n# This output is used by Xcode 'outputs' to avoid re-running this script phase.\necho \"SUCCESS\" > \"${SCRIPT_OUTPUT_FILE_0}\"\n";
			showEnvVarsInLog = 0;
		};
		B94BD0343AE6AE6EA39C03D2 /* [CP] Check Pods Manifest.lock */ = {
			isa = PBXShellScriptBuildPhase;
			buildActionMask = 2147483647;
			files = (
			);
			inputFileListPaths = (
			);
			inputPaths = (
				"${PODS_PODFILE_DIR_PATH}/Podfile.lock",
				"${PODS_ROOT}/Manifest.lock",
			);
			name = "[CP] Check Pods Manifest.lock";
			outputFileListPaths = (
			);
			outputPaths = (
				"$(DERIVED_FILE_DIR)/Pods-Tracker-checkManifestLockResult.txt",
			);
			runOnlyForDeploymentPostprocessing = 0;
			shellPath = /bin/sh;
			shellScript = "diff \"${PODS_PODFILE_DIR_PATH}/Podfile.lock\" \"${PODS_ROOT}/Manifest.lock\" > /dev/null\nif [ $? != 0 ] ; then\n    # print error to STDERR\n    echo \"error: The sandbox is not in sync with the Podfile.lock. Run 'pod install' or update your CocoaPods installation.\" >&2\n    exit 1\nfi\n# This output is used by Xcode 'outputs' to avoid re-running this script phase.\necho \"SUCCESS\" > \"${SCRIPT_OUTPUT_FILE_0}\"\n";
			showEnvVarsInLog = 0;
		};
		BEA0AF5B636ED36A558EE171 /* [CP] Embed Pods Frameworks */ = {
			isa = PBXShellScriptBuildPhase;
			buildActionMask = 2147483647;
			files = (
			);
			inputFileListPaths = (
				"${PODS_ROOT}/Target Support Files/Pods-Tracker/Pods-Tracker-frameworks-${CONFIGURATION}-input-files.xcfilelist",
			);
			name = "[CP] Embed Pods Frameworks";
			outputFileListPaths = (
				"${PODS_ROOT}/Target Support Files/Pods-Tracker/Pods-Tracker-frameworks-${CONFIGURATION}-output-files.xcfilelist",
			);
			runOnlyForDeploymentPostprocessing = 0;
			shellPath = /bin/sh;
			shellScript = "\"${PODS_ROOT}/Target Support Files/Pods-Tracker/Pods-Tracker-frameworks.sh\"\n";
			showEnvVarsInLog = 0;
		};
/* End PBXShellScriptBuildPhase section */

/* Begin PBXSourcesBuildPhase section */
		5DAA6C3B2C0CCA8600917093 /* Sources */ = {
			isa = PBXSourcesBuildPhase;
			buildActionMask = 2147483647;
			files = (
				5DAA6C422C0CCA8700917093 /* TrackerTests.swift in Sources */,
			);
			runOnlyForDeploymentPostprocessing = 0;
		};
		5DD2DB232B9FC4D000EF1636 /* Sources */ = {
			isa = PBXSourcesBuildPhase;
			buildActionMask = 2147483647;
			files = (
				5DD2DB2F2B9FC4D000EF1636 /* TrackersViewController.swift in Sources */,
				5D7AC17B2BC09884001027D9 /* ViewController.swift in Sources */,
				5DC39C252BB970AF00F6CDB7 /* Colors.swift in Sources */,
				5D784AE32BED340200505F9A /* Binding.swift in Sources */,
				5D7AC1E22BCDB590001027D9 /* TrackerStore.swift in Sources */,
				5D7AC23E2BE1935E001027D9 /* PageViewController.swift in Sources */,
				5DC39C162BB876F200F6CDB7 /* TrackerCell.swift in Sources */,
				5D267B482BBB701A0011457C /* ScheduleViewController.swift in Sources */,
				5D7AC1E92BD327D8001027D9 /* DateWithoutTime.swift in Sources */,
				5D7AC1792BBF89E8001027D9 /* IntForDays.swift in Sources */,
				5DC39B9D2BA771F000F6CDB7 /* StatisticsViewController.swift in Sources */,
				5D267B4C2BBC699B0011457C /* TrackerPropertiesCell.swift in Sources */,
				5DC39C182BB8D23B00F6CDB7 /* CreateTrackerViewController.swift in Sources */,
				5D784AFB2BEFBF0200505F9A /* NewCategoryViewController.swift in Sources */,
				5DC39C102BB5F92000F6CDB7 /* TrackerCategory.swift in Sources */,
				5DC39C1A2BB8D6F300F6CDB7 /* HeaderSectionView.swift in Sources */,
				ACE6DCA62C132E5D0015BCEC /* Model.xcdatamodeld in Sources */,
				5DC1BE282C0E7FD1006ED47E /* AnalyticsService.swift in Sources */,
				5D7AC1D92BC9F574001027D9 /* EmojiCollectionCell.swift in Sources */,
				5DC39C212BB8E4F700F6CDB7 /* Weekdays.swift in Sources */,
				5DC39C122BB5F95400F6CDB7 /* TrackerRecord.swift in Sources */,
				5DD2DB2B2B9FC4D000EF1636 /* AppDelegate.swift in Sources */,
				5DAA6C3A2C0A79AD00917093 /* TrackerForStatistics.swift in Sources */,
				5DD2DB2D2B9FC4D000EF1636 /* SceneDelegate.swift in Sources */,
				5DAA6C0E2BF0491800917093 /* EditingCategoryViewController.swift in Sources */,
				5D784AF92BEF990D00505F9A /* ListOfCategoriesViewController.swift in Sources */,
				5D784AE12BED33CC00505F9A /* TrackersViewModel.swift in Sources */,
				5D7AC2402BE1BC0D001027D9 /* OnboardingFirstViewController.swift in Sources */,
				ACE6DCAC2C132F5E0015BCEC /* TabBarController.swift in Sources */,
				5DAA6C382C05403200917093 /* Filters.swift in Sources */,
				5D7AC2422BE29CDE001027D9 /* OnboardingSecondViewController.swift in Sources */,
				5D77BA1E2C0D225900528A3A /* String.swift in Sources */,
				5D7AC1E72BD1EE17001027D9 /* TrackerRecordStore.swift in Sources */,
				5DC39C0E2BB5F8EE00F6CDB7 /* Tracker.swift in Sources */,
				5D267B462BBB30A00011457C /* NewHabitOrEventViewController.swift in Sources */,
				5DAA6C362C038E9D00917093 /* FiltersViewController.swift in Sources */,
				5D7AC1DB2BCB518A001027D9 /* ColorCollectionCell.swift in Sources */,
			);
			runOnlyForDeploymentPostprocessing = 0;
		};
/* End PBXSourcesBuildPhase section */

/* Begin PBXTargetDependency section */
		5DAA6C442C0CCA8700917093 /* PBXTargetDependency */ = {
			isa = PBXTargetDependency;
			target = 5DD2DB262B9FC4D000EF1636 /* Tracker */;
			targetProxy = 5DAA6C432C0CCA8700917093 /* PBXContainerItemProxy */;
		};
/* End PBXTargetDependency section */

/* Begin PBXVariantGroup section */
		5D77BA1B2C0D17A600528A3A /* Localizable.strings */ = {
			isa = PBXVariantGroup;
			children = (
				5D77BA1A2C0D17A600528A3A /* en */,
				5D77BA1C2C0D17B200528A3A /* ru */,
			);
			name = Localizable.strings;
			sourceTree = "<group>";
		};
		5DD2DB352B9FC4D200EF1636 /* LaunchScreen.storyboard */ = {
			isa = PBXVariantGroup;
			children = (
				5DD2DB362B9FC4D200EF1636 /* Base */,
			);
			name = LaunchScreen.storyboard;
			sourceTree = "<group>";
		};
/* End PBXVariantGroup section */

/* Begin XCBuildConfiguration section */
		5DAA6C452C0CCA8700917093 /* Debug */ = {
			isa = XCBuildConfiguration;
			baseConfigurationReference = 37CE70A23D6E010E6C8923CB /* Pods-TrackerTests.debug.xcconfig */;
			buildSettings = {
				BUNDLE_LOADER = "$(TEST_HOST)";
				CODE_SIGN_STYLE = Automatic;
				CURRENT_PROJECT_VERSION = 1;
				DEVELOPMENT_TEAM = VBM5FN3M6N;
				GENERATE_INFOPLIST_FILE = YES;
				MARKETING_VERSION = 1.0;
				PRODUCT_BUNDLE_IDENTIFIER = ru.lomakinaMS.VCHierarchy.TrackerTests;
				PRODUCT_NAME = "$(TARGET_NAME)";
				SWIFT_EMIT_LOC_STRINGS = NO;
				SWIFT_VERSION = 5.0;
				TARGETED_DEVICE_FAMILY = "1,2";
				TEST_HOST = "$(BUILT_PRODUCTS_DIR)/Tracker.app/$(BUNDLE_EXECUTABLE_FOLDER_PATH)/Tracker";
			};
			name = Debug;
		};
		5DAA6C462C0CCA8700917093 /* Release */ = {
			isa = XCBuildConfiguration;
			baseConfigurationReference = 7E776E175CDDA05BD7222F0C /* Pods-TrackerTests.release.xcconfig */;
			buildSettings = {
				BUNDLE_LOADER = "$(TEST_HOST)";
				CODE_SIGN_STYLE = Automatic;
				CURRENT_PROJECT_VERSION = 1;
				DEVELOPMENT_TEAM = VBM5FN3M6N;
				GENERATE_INFOPLIST_FILE = YES;
				MARKETING_VERSION = 1.0;
				PRODUCT_BUNDLE_IDENTIFIER = ru.lomakinaMS.VCHierarchy.TrackerTests;
				PRODUCT_NAME = "$(TARGET_NAME)";
				SWIFT_EMIT_LOC_STRINGS = NO;
				SWIFT_VERSION = 5.0;
				TARGETED_DEVICE_FAMILY = "1,2";
				TEST_HOST = "$(BUILT_PRODUCTS_DIR)/Tracker.app/$(BUNDLE_EXECUTABLE_FOLDER_PATH)/Tracker";
			};
			name = Release;
		};
		5DD2DB4F2B9FC4D300EF1636 /* Debug */ = {
			isa = XCBuildConfiguration;
			buildSettings = {
				ALWAYS_SEARCH_USER_PATHS = NO;
				CLANG_ANALYZER_LOCALIZABILITY_NONLOCALIZED = YES;
				CLANG_ANALYZER_NONNULL = YES;
				CLANG_ANALYZER_NUMBER_OBJECT_CONVERSION = YES_AGGRESSIVE;
				CLANG_CXX_LANGUAGE_STANDARD = "gnu++20";
				CLANG_ENABLE_MODULES = YES;
				CLANG_ENABLE_OBJC_ARC = YES;
				CLANG_ENABLE_OBJC_WEAK = YES;
				CLANG_WARN_BLOCK_CAPTURE_AUTORELEASING = YES;
				CLANG_WARN_BOOL_CONVERSION = YES;
				CLANG_WARN_COMMA = YES;
				CLANG_WARN_CONSTANT_CONVERSION = YES;
				CLANG_WARN_DEPRECATED_OBJC_IMPLEMENTATIONS = YES;
				CLANG_WARN_DIRECT_OBJC_ISA_USAGE = YES_ERROR;
				CLANG_WARN_DOCUMENTATION_COMMENTS = YES;
				CLANG_WARN_EMPTY_BODY = YES;
				CLANG_WARN_ENUM_CONVERSION = YES;
				CLANG_WARN_INFINITE_RECURSION = YES;
				CLANG_WARN_INT_CONVERSION = YES;
				CLANG_WARN_NON_LITERAL_NULL_CONVERSION = YES;
				CLANG_WARN_OBJC_IMPLICIT_RETAIN_SELF = YES;
				CLANG_WARN_OBJC_LITERAL_CONVERSION = YES;
				CLANG_WARN_OBJC_ROOT_CLASS = YES_ERROR;
				CLANG_WARN_QUOTED_INCLUDE_IN_FRAMEWORK_HEADER = YES;
				CLANG_WARN_RANGE_LOOP_ANALYSIS = YES;
				CLANG_WARN_STRICT_PROTOTYPES = YES;
				CLANG_WARN_SUSPICIOUS_MOVE = YES;
				CLANG_WARN_UNGUARDED_AVAILABILITY = YES_AGGRESSIVE;
				CLANG_WARN_UNREACHABLE_CODE = YES;
				CLANG_WARN__DUPLICATE_METHOD_MATCH = YES;
				COPY_PHASE_STRIP = NO;
				DEBUG_INFORMATION_FORMAT = dwarf;
				ENABLE_STRICT_OBJC_MSGSEND = YES;
				ENABLE_TESTABILITY = YES;
				GCC_C_LANGUAGE_STANDARD = gnu11;
				GCC_DYNAMIC_NO_PIC = NO;
				GCC_NO_COMMON_BLOCKS = YES;
				GCC_OPTIMIZATION_LEVEL = 0;
				GCC_PREPROCESSOR_DEFINITIONS = (
					"DEBUG=1",
					"$(inherited)",
				);
				GCC_WARN_64_TO_32_BIT_CONVERSION = YES;
				GCC_WARN_ABOUT_RETURN_TYPE = YES_ERROR;
				GCC_WARN_UNDECLARED_SELECTOR = YES;
				GCC_WARN_UNINITIALIZED_AUTOS = YES_AGGRESSIVE;
				GCC_WARN_UNUSED_FUNCTION = YES;
				GCC_WARN_UNUSED_VARIABLE = YES;
				IPHONEOS_DEPLOYMENT_TARGET = 16.2;
				MTL_ENABLE_DEBUG_INFO = INCLUDE_SOURCE;
				MTL_FAST_MATH = YES;
				ONLY_ACTIVE_ARCH = YES;
				SDKROOT = iphoneos;
				SWIFT_ACTIVE_COMPILATION_CONDITIONS = DEBUG;
				SWIFT_OPTIMIZATION_LEVEL = "-Onone";
			};
			name = Debug;
		};
		5DD2DB502B9FC4D300EF1636 /* Release */ = {
			isa = XCBuildConfiguration;
			buildSettings = {
				ALWAYS_SEARCH_USER_PATHS = NO;
				CLANG_ANALYZER_LOCALIZABILITY_NONLOCALIZED = YES;
				CLANG_ANALYZER_NONNULL = YES;
				CLANG_ANALYZER_NUMBER_OBJECT_CONVERSION = YES_AGGRESSIVE;
				CLANG_CXX_LANGUAGE_STANDARD = "gnu++20";
				CLANG_ENABLE_MODULES = YES;
				CLANG_ENABLE_OBJC_ARC = YES;
				CLANG_ENABLE_OBJC_WEAK = YES;
				CLANG_WARN_BLOCK_CAPTURE_AUTORELEASING = YES;
				CLANG_WARN_BOOL_CONVERSION = YES;
				CLANG_WARN_COMMA = YES;
				CLANG_WARN_CONSTANT_CONVERSION = YES;
				CLANG_WARN_DEPRECATED_OBJC_IMPLEMENTATIONS = YES;
				CLANG_WARN_DIRECT_OBJC_ISA_USAGE = YES_ERROR;
				CLANG_WARN_DOCUMENTATION_COMMENTS = YES;
				CLANG_WARN_EMPTY_BODY = YES;
				CLANG_WARN_ENUM_CONVERSION = YES;
				CLANG_WARN_INFINITE_RECURSION = YES;
				CLANG_WARN_INT_CONVERSION = YES;
				CLANG_WARN_NON_LITERAL_NULL_CONVERSION = YES;
				CLANG_WARN_OBJC_IMPLICIT_RETAIN_SELF = YES;
				CLANG_WARN_OBJC_LITERAL_CONVERSION = YES;
				CLANG_WARN_OBJC_ROOT_CLASS = YES_ERROR;
				CLANG_WARN_QUOTED_INCLUDE_IN_FRAMEWORK_HEADER = YES;
				CLANG_WARN_RANGE_LOOP_ANALYSIS = YES;
				CLANG_WARN_STRICT_PROTOTYPES = YES;
				CLANG_WARN_SUSPICIOUS_MOVE = YES;
				CLANG_WARN_UNGUARDED_AVAILABILITY = YES_AGGRESSIVE;
				CLANG_WARN_UNREACHABLE_CODE = YES;
				CLANG_WARN__DUPLICATE_METHOD_MATCH = YES;
				COPY_PHASE_STRIP = NO;
				DEBUG_INFORMATION_FORMAT = "dwarf-with-dsym";
				ENABLE_NS_ASSERTIONS = NO;
				ENABLE_STRICT_OBJC_MSGSEND = YES;
				GCC_C_LANGUAGE_STANDARD = gnu11;
				GCC_NO_COMMON_BLOCKS = YES;
				GCC_WARN_64_TO_32_BIT_CONVERSION = YES;
				GCC_WARN_ABOUT_RETURN_TYPE = YES_ERROR;
				GCC_WARN_UNDECLARED_SELECTOR = YES;
				GCC_WARN_UNINITIALIZED_AUTOS = YES_AGGRESSIVE;
				GCC_WARN_UNUSED_FUNCTION = YES;
				GCC_WARN_UNUSED_VARIABLE = YES;
				IPHONEOS_DEPLOYMENT_TARGET = 16.2;
				MTL_ENABLE_DEBUG_INFO = NO;
				MTL_FAST_MATH = YES;
				SDKROOT = iphoneos;
				SWIFT_COMPILATION_MODE = wholemodule;
				SWIFT_OPTIMIZATION_LEVEL = "-O";
				VALIDATE_PRODUCT = YES;
			};
			name = Release;
		};
		5DD2DB522B9FC4D300EF1636 /* Debug */ = {
			isa = XCBuildConfiguration;
			baseConfigurationReference = 1A5903B0068112668A36AA88 /* Pods-Tracker.debug.xcconfig */;
			buildSettings = {
				ASSETCATALOG_COMPILER_APPICON_NAME = AppIcon;
				ASSETCATALOG_COMPILER_GLOBAL_ACCENT_COLOR_NAME = AccentColor;
				CODE_SIGN_STYLE = Automatic;
				CURRENT_PROJECT_VERSION = 1;
				DEVELOPMENT_TEAM = 5469MBNSP6;
				GENERATE_INFOPLIST_FILE = YES;
				INFOPLIST_FILE = Tracker/Info.plist;
				INFOPLIST_KEY_CFBundleDisplayName = Tracker;
				INFOPLIST_KEY_UIApplicationSupportsIndirectInputEvents = YES;
				INFOPLIST_KEY_UILaunchStoryboardName = LaunchScreen;
				INFOPLIST_KEY_UIStatusBarHidden = NO;
				INFOPLIST_KEY_UIStatusBarStyle = UIStatusBarStyleLightContent;
				INFOPLIST_KEY_UISupportedInterfaceOrientations = UIInterfaceOrientationPortrait;
				INFOPLIST_KEY_UISupportedInterfaceOrientations_iPad = "UIInterfaceOrientationLandscapeLeft UIInterfaceOrientationLandscapeRight UIInterfaceOrientationPortrait UIInterfaceOrientationPortraitUpsideDown";
				IPHONEOS_DEPLOYMENT_TARGET = 13.4;
				LD_RUNPATH_SEARCH_PATHS = (
					"$(inherited)",
					"@executable_path/Frameworks",
				);
				MARKETING_VERSION = 1.0;
				PRODUCT_BUNDLE_IDENTIFIER = ru.baha333.Tracker;
				PRODUCT_NAME = "$(TARGET_NAME)";
				SUPPORTED_PLATFORMS = "iphoneos iphonesimulator";
				SUPPORTS_MACCATALYST = NO;
				SUPPORTS_MAC_DESIGNED_FOR_IPHONE_IPAD = NO;
				SWIFT_EMIT_LOC_STRINGS = YES;
				SWIFT_VERSION = 5.0;
				TARGETED_DEVICE_FAMILY = 1;
			};
			name = Debug;
		};
		5DD2DB532B9FC4D300EF1636 /* Release */ = {
			isa = XCBuildConfiguration;
			baseConfigurationReference = 6B3FDB75BD8641941F96EF4E /* Pods-Tracker.release.xcconfig */;
			buildSettings = {
				ASSETCATALOG_COMPILER_APPICON_NAME = AppIcon;
				ASSETCATALOG_COMPILER_GLOBAL_ACCENT_COLOR_NAME = AccentColor;
				CODE_SIGN_STYLE = Automatic;
				CURRENT_PROJECT_VERSION = 1;
				DEVELOPMENT_TEAM = 5469MBNSP6;
				GENERATE_INFOPLIST_FILE = YES;
				INFOPLIST_FILE = Tracker/Info.plist;
				INFOPLIST_KEY_CFBundleDisplayName = Tracker;
				INFOPLIST_KEY_UIApplicationSupportsIndirectInputEvents = YES;
				INFOPLIST_KEY_UILaunchStoryboardName = LaunchScreen;
				INFOPLIST_KEY_UIStatusBarHidden = NO;
				INFOPLIST_KEY_UIStatusBarStyle = UIStatusBarStyleLightContent;
				INFOPLIST_KEY_UISupportedInterfaceOrientations = UIInterfaceOrientationPortrait;
				INFOPLIST_KEY_UISupportedInterfaceOrientations_iPad = "UIInterfaceOrientationLandscapeLeft UIInterfaceOrientationLandscapeRight UIInterfaceOrientationPortrait UIInterfaceOrientationPortraitUpsideDown";
				IPHONEOS_DEPLOYMENT_TARGET = 13.4;
				LD_RUNPATH_SEARCH_PATHS = (
					"$(inherited)",
					"@executable_path/Frameworks",
				);
				MARKETING_VERSION = 1.0;
				PRODUCT_BUNDLE_IDENTIFIER = ru.baha333.Tracker;
				PRODUCT_NAME = "$(TARGET_NAME)";
				SUPPORTED_PLATFORMS = "iphoneos iphonesimulator";
				SUPPORTS_MACCATALYST = NO;
				SUPPORTS_MAC_DESIGNED_FOR_IPHONE_IPAD = NO;
				SWIFT_EMIT_LOC_STRINGS = YES;
				SWIFT_VERSION = 5.0;
				TARGETED_DEVICE_FAMILY = 1;
			};
			name = Release;
		};
/* End XCBuildConfiguration section */

/* Begin XCConfigurationList section */
		5DAA6C472C0CCA8700917093 /* Build configuration list for PBXNativeTarget "TrackerTests" */ = {
			isa = XCConfigurationList;
			buildConfigurations = (
				5DAA6C452C0CCA8700917093 /* Debug */,
				5DAA6C462C0CCA8700917093 /* Release */,
			);
			defaultConfigurationIsVisible = 0;
			defaultConfigurationName = Release;
		};
		5DD2DB222B9FC4D000EF1636 /* Build configuration list for PBXProject "Tracker" */ = {
			isa = XCConfigurationList;
			buildConfigurations = (
				5DD2DB4F2B9FC4D300EF1636 /* Debug */,
				5DD2DB502B9FC4D300EF1636 /* Release */,
			);
			defaultConfigurationIsVisible = 0;
			defaultConfigurationName = Release;
		};
		5DD2DB512B9FC4D300EF1636 /* Build configuration list for PBXNativeTarget "Tracker" */ = {
			isa = XCConfigurationList;
			buildConfigurations = (
				5DD2DB522B9FC4D300EF1636 /* Debug */,
				5DD2DB532B9FC4D300EF1636 /* Release */,
			);
			defaultConfigurationIsVisible = 0;
			defaultConfigurationName = Release;
		};
/* End XCConfigurationList section */

/* Begin XCRemoteSwiftPackageReference section */
		5D77BA042C0CD52400528A3A /* XCRemoteSwiftPackageReference "swift-snapshot-testing" */ = {
			isa = XCRemoteSwiftPackageReference;
			repositoryURL = "https://github.com/pointfreeco/swift-snapshot-testing?tab=readme-ov-file#readme";
			requirement = {
				branch = main;
				kind = branch;
			};
		};
/* End XCRemoteSwiftPackageReference section */

/* Begin XCSwiftPackageProductDependency section */
		5D77BA052C0CD52400528A3A /* SnapshotTesting */ = {
			isa = XCSwiftPackageProductDependency;
			package = 5D77BA042C0CD52400528A3A /* XCRemoteSwiftPackageReference "swift-snapshot-testing" */;
			productName = SnapshotTesting;
		};
/* End XCSwiftPackageProductDependency section */

/* Begin XCVersionGroup section */
		ACE6DCA42C132E5D0015BCEC /* Model.xcdatamodeld */ = {
			isa = XCVersionGroup;
			children = (
				ACE6DCA52C132E5D0015BCEC /* Model.xcdatamodel */,
			);
			currentVersion = ACE6DCA52C132E5D0015BCEC /* Model.xcdatamodel */;
			path = Model.xcdatamodeld;
			sourceTree = "<group>";
			versionGroupType = wrapper.xcdatamodel;
		};
/* End XCVersionGroup section */
	};
	rootObject = 5DD2DB1F2B9FC4D000EF1636 /* Project object */;
}
